
Microsoft Visual Studio Solution File, Format Version 12.00
# Visual Studio 15
VisualStudioVersion = 15.0.27130.2010
MinimumVisualStudioVersion = 10.0.40219.1
Project("{2150E333-8FDC-42A3-9474-1A3956D46DE8}") = "0.基础层", "0.基础层", "{53ACEAA0-ECC0-4215-9FCE-1231E0C0A669}"
EndProject
Project("{2150E333-8FDC-42A3-9474-1A3956D46DE8}") = "2.持久层", "2.持久层", "{4852895F-1D82-4968-A618-BBFBEB704137}"
EndProject
Project("{2150E333-8FDC-42A3-9474-1A3956D46DE8}") = "4.业务层", "4.业务层", "{44CFB837-3EFB-42BD-9A9B-A38C47254029}"
EndProject
Project("{2150E333-8FDC-42A3-9474-1A3956D46DE8}") = "5.服务层", "5.服务层", "{233625B1-75CD-491B-9282-478E2CB21D83}"
EndProject
Project("{2150E333-8FDC-42A3-9474-1A3956D46DE8}") = "6.展现层", "6.展现层", "{6D462DFC-70DA-4F1A-BC71-65DFC78F6645}"
EndProject
Project("{2150E333-8FDC-42A3-9474-1A3956D46DE8}") = "1.实体层", "1.实体层", "{CA7D89DF-F7BD-482A-8FAD-D78468D438EB}"
EndProject
Project("{2150E333-8FDC-42A3-9474-1A3956D46DE8}") = "4.1 公共业务", "4.1 公共业务", "{C42BE7E0-AA4E-4858-A6D8-C64294E71506}"
EndProject
Project("{2150E333-8FDC-42A3-9474-1A3956D46DE8}") = "4.2 子系统", "4.2 子系统", "{A288593C-C80B-44FB-9F4F-D1C5EACDD8F3}"
EndProject
Project("{2150E333-8FDC-42A3-9474-1A3956D46DE8}") = "3.集成", "3.集成", "{B4C5AB3B-8C4B-44DA-8E6C-48B219CC7D0B}"
EndProject
Project("{2150E333-8FDC-42A3-9474-1A3956D46DE8}") = "6.06 任务调度", "6.06 任务调度", "{62A0965A-2581-47F3-BA0E-84056E0F526B}"
EndProject
Project("{2150E333-8FDC-42A3-9474-1A3956D46DE8}") = "5.1 基础", "5.1 基础", "{AF87CD00-4F77-4596-BFAC-DE08489C38B9}"
EndProject
Project("{2150E333-8FDC-42A3-9474-1A3956D46DE8}") = "5.2 调度任务", "5.2 调度任务", "{B9327F76-7F71-474C-8998-DB60CD35B7EB}"
EndProject
Project("{2150E333-8FDC-42A3-9474-1A3956D46DE8}") = "5.5 应用端接口", "5.5 应用端接口", "{746358F1-DB13-4C6A-B84C-A7CD3E67D97B}"
EndProject
Project("{2150E333-8FDC-42A3-9474-1A3956D46DE8}") = "3.06 通信(腾讯云)", "3.06 通信(腾讯云)", "{66BC1A04-B1F5-4B3C-ACE2-0BA83BFF8A39}"
EndProject
Project("{2150E333-8FDC-42A3-9474-1A3956D46DE8}") = "3.07 视频（声网）", "3.07 视频（声网）", "{1D8FFCC7-6E6C-4DF3-A79D-8565D72BEFD4}"
EndProject
Project("{2150E333-8FDC-42A3-9474-1A3956D46DE8}") = "3.08 短信（云之讯）", "3.08 短信（云之讯）", "{144BAD47-0E51-4FC6-98C9-977A0A48CF59}"
EndProject
Project("{2150E333-8FDC-42A3-9474-1A3956D46DE8}") = "5.4 领域消息", "5.4 领域消息", "{275D510D-EA34-4A02-93FE-19DB63994DCC}"
EndProject
Project("{2150E333-8FDC-42A3-9474-1A3956D46DE8}") = "5.3 服务", "5.3 服务", "{63C13B8C-B472-4E73-AB3F-9D7FF33E9085}"
EndProject
Project("{2150E333-8FDC-42A3-9474-1A3956D46DE8}") = "3.13 微信公众平台", "3.13 微信公众平台", "{F55FBBD3-E1BE-441D-9147-3A712F3E4562}"
EndProject
Project("{FAE04EC0-301F-11D3-BF4B-00C04F79EFBC}") = "XuHos.Common", "XuHos.Common\XuHos.Common.csproj", "{775DF2BD-FB37-4F33-A8ED-DEEEA5B3B16B}"
EndProject
Project("{FAE04EC0-301F-11D3-BF4B-00C04F79EFBC}") = "XuHos.BLL", "XuHos.BLL\XuHos.BLL.csproj", "{2C26BD69-092E-4005-BAE2-6C554D236E57}"
	ProjectSection(ProjectDependencies) = postProject
		{E6BF1109-0A91-44C3-B292-1AC9825970F1} = {E6BF1109-0A91-44C3-B292-1AC9825970F1}
		{6BDF7B0F-B740-418F-A7D6-E6313318DA05} = {6BDF7B0F-B740-418F-A7D6-E6313318DA05}
		{7908C915-B775-4CEE-A5B7-1A7BDA0BBCA4} = {7908C915-B775-4CEE-A5B7-1A7BDA0BBCA4}
		{0304DA15-717D-46FF-B13E-6FE66F086119} = {0304DA15-717D-46FF-B13E-6FE66F086119}
		{F7934317-46CE-48C5-A562-1A08960856FC} = {F7934317-46CE-48C5-A562-1A08960856FC}
		{7633152E-7A64-40C9-8A5B-DFCFB49A3A96} = {7633152E-7A64-40C9-8A5B-DFCFB49A3A96}
		{26773248-0387-442E-A0A8-71A6F2DA3290} = {26773248-0387-442E-A0A8-71A6F2DA3290}
		{875FBA84-092A-427A-BF79-78243F3B081E} = {875FBA84-092A-427A-BF79-78243F3B081E}
		{CB8D5D85-1BDD-4499-A645-628F07DAD383} = {CB8D5D85-1BDD-4499-A645-628F07DAD383}
		{21A41496-DF2D-4054-8C10-ADF30DCB2C77} = {21A41496-DF2D-4054-8C10-ADF30DCB2C77}
		{687BA19A-D79A-44AA-B69A-E08DD3C975C3} = {687BA19A-D79A-44AA-B69A-E08DD3C975C3}
		{BE7FAF9B-E33B-41E3-AB24-B6B9934F2CF1} = {BE7FAF9B-E33B-41E3-AB24-B6B9934F2CF1}
		{D06771A6-1DD6-4BFE-BB7D-27464990E646} = {D06771A6-1DD6-4BFE-BB7D-27464990E646}
		{2FED0CAB-E792-48F0-B558-CD7437C8236D} = {2FED0CAB-E792-48F0-B558-CD7437C8236D}
		{1A5AE0B9-4C8D-4CA7-B8B5-D22B87C45A53} = {1A5AE0B9-4C8D-4CA7-B8B5-D22B87C45A53}
		{608EBBCB-9778-4A4B-9E45-0E5621E1DDFC} = {608EBBCB-9778-4A4B-9E45-0E5621E1DDFC}
		{84773FE4-C240-44A4-86C8-2632C17D3721} = {84773FE4-C240-44A4-86C8-2632C17D3721}
		{3E2E98E9-A179-468B-938F-24178AC5D729} = {3E2E98E9-A179-468B-938F-24178AC5D729}
	EndProjectSection
EndProject
Project("{FAE04EC0-301F-11D3-BF4B-00C04F79EFBC}") = "XuHos.Common.Enum", "XuHos.Common.Enum\XuHos.Common.Enum.csproj", "{BE7FAF9B-E33B-41E3-AB24-B6B9934F2CF1}"
EndProject
Project("{FAE04EC0-301F-11D3-BF4B-00C04F79EFBC}") = "XuHos.Common.Pay", "XuHos.Common.Pay\XuHos.Common.Pay.csproj", "{21A41496-DF2D-4054-8C10-ADF30DCB2C77}"
EndProject
Project("{FAE04EC0-301F-11D3-BF4B-00C04F79EFBC}") = "XuHos.Common.Utility", "XuHos.Common.Utility\XuHos.Common.Utility.csproj", "{875FBA84-092A-427A-BF79-78243F3B081E}"
EndProject
Project("{FAE04EC0-301F-11D3-BF4B-00C04F79EFBC}") = "XuHos.DAL.EF", "XuHos.DAL.EF\XuHos.DAL.EF.csproj", "{2FED0CAB-E792-48F0-B558-CD7437C8236D}"
EndProject
Project("{FAE04EC0-301F-11D3-BF4B-00C04F79EFBC}") = "XuHos.Common.Cache", "XuHos.Common.Cache\XuHos.Common.Cache.csproj", "{0304DA15-717D-46FF-B13E-6FE66F086119}"
EndProject
Project("{FAE04EC0-301F-11D3-BF4B-00C04F79EFBC}") = "XuHos.Common.Config", "XuHos.Common.Config\XuHos.Common.Config.csproj", "{1A5AE0B9-4C8D-4CA7-B8B5-D22B87C45A53}"
EndProject
Project("{FAE04EC0-301F-11D3-BF4B-00C04F79EFBC}") = "XuHos.Entity", "XuHos.Entity\XuHos.Entity.csproj", "{3E2E98E9-A179-468B-938F-24178AC5D729}"
EndProject
Project("{FAE04EC0-301F-11D3-BF4B-00C04F79EFBC}") = "XuHos.Common.Cache.Redis", "XuHos.Common.Cache.Redis\XuHos.Common.Cache.Redis.csproj", "{29056786-1AF8-467B-B912-E79DA3B46F72}"
EndProject
Project("{FAE04EC0-301F-11D3-BF4B-00C04F79EFBC}") = "XuHos.Service.Infrastructure", "XuHos.Service.Infrastructure\XuHos.Service.Infrastructure.csproj", "{1F8D4A8E-C1A5-482A-8C6B-D3654D5033B4}"
EndProject
Project("{FAE04EC0-301F-11D3-BF4B-00C04F79EFBC}") = "XuHos.Service.WebStore", "XuHos.Service.Web.Store\XuHos.Service.WebStore.csproj", "{7D455495-56D2-4736-8ED8-C3567D6E6222}"
EndProject
Project("{FAE04EC0-301F-11D3-BF4B-00C04F79EFBC}") = "XuHos.Service.Jobs", "XuHos.Service.Jobs\XuHos.Service.Jobs.csproj", "{B024B180-B917-4AED-B2AF-5A611F9E33E3}"
EndProject
Project("{FAE04EC0-301F-11D3-BF4B-00C04F79EFBC}") = "XuHos.BLL.User", "XuHos.BLL.User\XuHos.BLL.User.csproj", "{7908C915-B775-4CEE-A5B7-1A7BDA0BBCA4}"
	ProjectSection(ProjectDependencies) = postProject
		{687BA19A-D79A-44AA-B69A-E08DD3C975C3} = {687BA19A-D79A-44AA-B69A-E08DD3C975C3}
	EndProjectSection
EndProject
Project("{FAE04EC0-301F-11D3-BF4B-00C04F79EFBC}") = "XuHos.BLL.Doctor", "XuHos.BLL.Doctor\XuHos.BLL.Doctor.csproj", "{687BA19A-D79A-44AA-B69A-E08DD3C975C3}"
EndProject
Project("{FAE04EC0-301F-11D3-BF4B-00C04F79EFBC}") = "XuHos.Service.WebApi", "XuHos.Service.WebApi\XuHos.Service.WebApi.csproj", "{386C0A87-21DC-40A0-9832-7C21216D098A}"
	ProjectSection(ProjectDependencies) = postProject
		{E6BF1109-0A91-44C3-B292-1AC9825970F1} = {E6BF1109-0A91-44C3-B292-1AC9825970F1}
		{F7934317-46CE-48C5-A562-1A08960856FC} = {F7934317-46CE-48C5-A562-1A08960856FC}
		{7633152E-7A64-40C9-8A5B-DFCFB49A3A96} = {7633152E-7A64-40C9-8A5B-DFCFB49A3A96}
		{CB8D5D85-1BDD-4499-A645-628F07DAD383} = {CB8D5D85-1BDD-4499-A645-628F07DAD383}
		{84773FE4-C240-44A4-86C8-2632C17D3721} = {84773FE4-C240-44A4-86C8-2632C17D3721}
	EndProjectSection
EndProject
Project("{FAE04EC0-301F-11D3-BF4B-00C04F79EFBC}") = "XuHos.UI.WinSvr.JobService", "XuHos.UI.WinSvr.JobService\XuHos.UI.WinSvr.JobService.csproj", "{F1CAC744-5DF4-4E0A-954A-5FF47CFFB9E7}"
EndProject
Project("{FAE04EC0-301F-11D3-BF4B-00C04F79EFBC}") = "XuHos.BLL.Common", "XuHos.BLL.Common\XuHos.BLL.Common.csproj", "{7633152E-7A64-40C9-8A5B-DFCFB49A3A96}"
EndProject
Project("{FAE04EC0-301F-11D3-BF4B-00C04F79EFBC}") = "XuHos.Integration.QQCloudy", "XuHos.Integration.QQCloudy\XuHos.Integration.QQCloudy.csproj", "{E6BF1109-0A91-44C3-B292-1AC9825970F1}"
EndProject
Project("{FAE04EC0-301F-11D3-BF4B-00C04F79EFBC}") = "XuHos.Integration.Agora", "XuHos.Integration.Agora\XuHos.Integration.Agora.csproj", "{608EBBCB-9778-4A4B-9E45-0E5621E1DDFC}"
EndProject
Project("{FAE04EC0-301F-11D3-BF4B-00C04F79EFBC}") = "XuHos.BLL.Trade", "XuHos.BLL.Trade\XuHos.BLL.Trade.csproj", "{6425E0EB-33AB-46FB-8163-E26F8BC31DEA}"
EndProject
Project("{FAE04EC0-301F-11D3-BF4B-00C04F79EFBC}") = "XuHos.Integration.ShortMessage", "XuHos.Integration.ShortMessage\XuHos.Integration.ShortMessage.csproj", "{26773248-0387-442E-A0A8-71A6F2DA3290}"
EndProject
Project("{FAE04EC0-301F-11D3-BF4B-00C04F79EFBC}") = "XuHos.BLL.Sys", "XuHos.BLL.Sys\XuHos.BLL.Sys.csproj", "{84773FE4-C240-44A4-86C8-2632C17D3721}"
EndProject
Project("{FAE04EC0-301F-11D3-BF4B-00C04F79EFBC}") = "XuHos.DTO", "XuHos.DTO\XuHos.DTO.csproj", "{F7934317-46CE-48C5-A562-1A08960856FC}"
	ProjectSection(ProjectDependencies) = postProject
		{CB8D5D85-1BDD-4499-A645-628F07DAD383} = {CB8D5D85-1BDD-4499-A645-628F07DAD383}
	EndProjectSection
EndProject
Project("{FAE04EC0-301F-11D3-BF4B-00C04F79EFBC}") = "XuHos.DTO.Common", "XuHos.DTO.Common\XuHos.DTO.Common.csproj", "{CB8D5D85-1BDD-4499-A645-628F07DAD383}"
EndProject
Project("{FAE04EC0-301F-11D3-BF4B-00C04F79EFBC}") = "XuHos.EventBus", "XuHos.EventBus\XuHos.EventBus.csproj", "{6BDF7B0F-B740-418F-A7D6-E6313318DA05}"
EndProject
Project("{FAE04EC0-301F-11D3-BF4B-00C04F79EFBC}") = "XuHos.Service.EventHandlers", "XuHos.Service.EventHandlers\XuHos.Service.EventHandlers.csproj", "{0F7EF723-C976-4573-B918-A689DA1B2565}"
EndProject
Project("{FAE04EC0-301F-11D3-BF4B-00C04F79EFBC}") = "XuHos.Common.Storage", "XuHos.Common.Storage\XuHos.Common.Storage.csproj", "{59300B04-5155-40F2-A710-28D4EF8D1D92}"
EndProject
Project("{FAE04EC0-301F-11D3-BF4B-00C04F79EFBC}") = "XuHos.Integration.Wechat", "XuHos.Integration.Wechat\XuHos.Integration.Wechat.csproj", "{6FBB3E99-347C-4856-9B48-832498FE6036}"
EndProject
Project("{FAE04EC0-301F-11D3-BF4B-00C04F79EFBC}") = "XuHos.DAL.Mongodb", "XuHos.DAL.Mongodb\XuHos.DAL.Mongodb.csproj", "{D06771A6-1DD6-4BFE-BB7D-27464990E646}"
EndProject
Project("{FAE04EC0-301F-11D3-BF4B-00C04F79EFBC}") = "XuHos.Resource", "XuHos.Resource\XuHos.Resource.csproj", "{1B795F62-78BC-4F9C-8427-C1548327E65F}"
EndProject
Project("{FAE04EC0-301F-11D3-BF4B-00C04F79EFBC}") = "XuHos.Integration.WechatApp", "XuHos.Integration.WechatApp\XuHos.Integration.WechatApp.csproj", "{1E5310ED-512D-49B2-94D5-F2C4A527306C}"
EndProject
Global
	GlobalSection(SolutionConfigurationPlatforms) = preSolution
		Debug|Any CPU = Debug|Any CPU
		Debug|x86 = Debug|x86
		Integrated|Any CPU = Integrated|Any CPU
		Integrated|x86 = Integrated|x86
		Release|Any CPU = Release|Any CPU
		Release|x86 = Release|x86
		Staging|Any CPU = Staging|Any CPU
		Staging|x86 = Staging|x86
		Test|Any CPU = Test|Any CPU
		Test|x86 = Test|x86
	EndGlobalSection
	GlobalSection(ProjectConfigurationPlatforms) = postSolution
		{775DF2BD-FB37-4F33-A8ED-DEEEA5B3B16B}.Debug|Any CPU.ActiveCfg = Debug|Any CPU
		{775DF2BD-FB37-4F33-A8ED-DEEEA5B3B16B}.Debug|Any CPU.Build.0 = Debug|Any CPU
		{775DF2BD-FB37-4F33-A8ED-DEEEA5B3B16B}.Debug|x86.ActiveCfg = Debug|Any CPU
		{775DF2BD-FB37-4F33-A8ED-DEEEA5B3B16B}.Debug|x86.Build.0 = Debug|Any CPU
		{775DF2BD-FB37-4F33-A8ED-DEEEA5B3B16B}.Integrated|Any CPU.ActiveCfg = Integrated|Any CPU
		{775DF2BD-FB37-4F33-A8ED-DEEEA5B3B16B}.Integrated|Any CPU.Build.0 = Integrated|Any CPU
		{775DF2BD-FB37-4F33-A8ED-DEEEA5B3B16B}.Integrated|x86.ActiveCfg = Integrated|Any CPU
		{775DF2BD-FB37-4F33-A8ED-DEEEA5B3B16B}.Integrated|x86.Build.0 = Integrated|Any CPU
		{775DF2BD-FB37-4F33-A8ED-DEEEA5B3B16B}.Release|Any CPU.ActiveCfg = Release|Any CPU
		{775DF2BD-FB37-4F33-A8ED-DEEEA5B3B16B}.Release|Any CPU.Build.0 = Release|Any CPU
		{775DF2BD-FB37-4F33-A8ED-DEEEA5B3B16B}.Release|x86.ActiveCfg = Release|Any CPU
		{775DF2BD-FB37-4F33-A8ED-DEEEA5B3B16B}.Release|x86.Build.0 = Release|Any CPU
		{775DF2BD-FB37-4F33-A8ED-DEEEA5B3B16B}.Staging|Any CPU.ActiveCfg = Release|Any CPU
		{775DF2BD-FB37-4F33-A8ED-DEEEA5B3B16B}.Staging|Any CPU.Build.0 = Release|Any CPU
		{775DF2BD-FB37-4F33-A8ED-DEEEA5B3B16B}.Staging|x86.ActiveCfg = Release|Any CPU
		{775DF2BD-FB37-4F33-A8ED-DEEEA5B3B16B}.Staging|x86.Build.0 = Release|Any CPU
		{775DF2BD-FB37-4F33-A8ED-DEEEA5B3B16B}.Test|Any CPU.ActiveCfg = Release|Any CPU
		{775DF2BD-FB37-4F33-A8ED-DEEEA5B3B16B}.Test|Any CPU.Build.0 = Release|Any CPU
		{775DF2BD-FB37-4F33-A8ED-DEEEA5B3B16B}.Test|x86.ActiveCfg = Release|Any CPU
		{775DF2BD-FB37-4F33-A8ED-DEEEA5B3B16B}.Test|x86.Build.0 = Release|Any CPU
		{2C26BD69-092E-4005-BAE2-6C554D236E57}.Debug|Any CPU.ActiveCfg = Debug|Any CPU
		{2C26BD69-092E-4005-BAE2-6C554D236E57}.Debug|Any CPU.Build.0 = Debug|Any CPU
		{2C26BD69-092E-4005-BAE2-6C554D236E57}.Debug|x86.ActiveCfg = Debug|Any CPU
		{2C26BD69-092E-4005-BAE2-6C554D236E57}.Debug|x86.Build.0 = Debug|Any CPU
		{2C26BD69-092E-4005-BAE2-6C554D236E57}.Integrated|Any CPU.ActiveCfg = Integrated|Any CPU
		{2C26BD69-092E-4005-BAE2-6C554D236E57}.Integrated|Any CPU.Build.0 = Integrated|Any CPU
		{2C26BD69-092E-4005-BAE2-6C554D236E57}.Integrated|x86.ActiveCfg = Integrated|Any CPU
		{2C26BD69-092E-4005-BAE2-6C554D236E57}.Integrated|x86.Build.0 = Integrated|Any CPU
		{2C26BD69-092E-4005-BAE2-6C554D236E57}.Release|Any CPU.ActiveCfg = Release|Any CPU
		{2C26BD69-092E-4005-BAE2-6C554D236E57}.Release|Any CPU.Build.0 = Release|Any CPU
		{2C26BD69-092E-4005-BAE2-6C554D236E57}.Release|x86.ActiveCfg = Release|Any CPU
		{2C26BD69-092E-4005-BAE2-6C554D236E57}.Release|x86.Build.0 = Release|Any CPU
		{2C26BD69-092E-4005-BAE2-6C554D236E57}.Staging|Any CPU.ActiveCfg = Release|Any CPU
		{2C26BD69-092E-4005-BAE2-6C554D236E57}.Staging|Any CPU.Build.0 = Release|Any CPU
		{2C26BD69-092E-4005-BAE2-6C554D236E57}.Staging|x86.ActiveCfg = Release|Any CPU
		{2C26BD69-092E-4005-BAE2-6C554D236E57}.Staging|x86.Build.0 = Release|Any CPU
		{2C26BD69-092E-4005-BAE2-6C554D236E57}.Test|Any CPU.ActiveCfg = Release|Any CPU
		{2C26BD69-092E-4005-BAE2-6C554D236E57}.Test|Any CPU.Build.0 = Release|Any CPU
		{2C26BD69-092E-4005-BAE2-6C554D236E57}.Test|x86.ActiveCfg = Release|Any CPU
		{2C26BD69-092E-4005-BAE2-6C554D236E57}.Test|x86.Build.0 = Release|Any CPU
		{BE7FAF9B-E33B-41E3-AB24-B6B9934F2CF1}.Debug|Any CPU.ActiveCfg = Debug|Any CPU
		{BE7FAF9B-E33B-41E3-AB24-B6B9934F2CF1}.Debug|Any CPU.Build.0 = Debug|Any CPU
		{BE7FAF9B-E33B-41E3-AB24-B6B9934F2CF1}.Debug|x86.ActiveCfg = Debug|Any CPU
		{BE7FAF9B-E33B-41E3-AB24-B6B9934F2CF1}.Debug|x86.Build.0 = Debug|Any CPU
		{BE7FAF9B-E33B-41E3-AB24-B6B9934F2CF1}.Integrated|Any CPU.ActiveCfg = Integrated|Any CPU
		{BE7FAF9B-E33B-41E3-AB24-B6B9934F2CF1}.Integrated|Any CPU.Build.0 = Integrated|Any CPU
		{BE7FAF9B-E33B-41E3-AB24-B6B9934F2CF1}.Integrated|x86.ActiveCfg = Integrated|Any CPU
		{BE7FAF9B-E33B-41E3-AB24-B6B9934F2CF1}.Integrated|x86.Build.0 = Integrated|Any CPU
		{BE7FAF9B-E33B-41E3-AB24-B6B9934F2CF1}.Release|Any CPU.ActiveCfg = Release|Any CPU
		{BE7FAF9B-E33B-41E3-AB24-B6B9934F2CF1}.Release|Any CPU.Build.0 = Release|Any CPU
		{BE7FAF9B-E33B-41E3-AB24-B6B9934F2CF1}.Release|x86.ActiveCfg = Release|Any CPU
		{BE7FAF9B-E33B-41E3-AB24-B6B9934F2CF1}.Release|x86.Build.0 = Release|Any CPU
		{BE7FAF9B-E33B-41E3-AB24-B6B9934F2CF1}.Staging|Any CPU.ActiveCfg = Release|Any CPU
		{BE7FAF9B-E33B-41E3-AB24-B6B9934F2CF1}.Staging|Any CPU.Build.0 = Release|Any CPU
		{BE7FAF9B-E33B-41E3-AB24-B6B9934F2CF1}.Staging|x86.ActiveCfg = Release|Any CPU
		{BE7FAF9B-E33B-41E3-AB24-B6B9934F2CF1}.Staging|x86.Build.0 = Release|Any CPU
		{BE7FAF9B-E33B-41E3-AB24-B6B9934F2CF1}.Test|Any CPU.ActiveCfg = Release|Any CPU
		{BE7FAF9B-E33B-41E3-AB24-B6B9934F2CF1}.Test|Any CPU.Build.0 = Release|Any CPU
		{BE7FAF9B-E33B-41E3-AB24-B6B9934F2CF1}.Test|x86.ActiveCfg = Release|Any CPU
		{BE7FAF9B-E33B-41E3-AB24-B6B9934F2CF1}.Test|x86.Build.0 = Release|Any CPU
		{21A41496-DF2D-4054-8C10-ADF30DCB2C77}.Debug|Any CPU.ActiveCfg = Debug|Any CPU
		{21A41496-DF2D-4054-8C10-ADF30DCB2C77}.Debug|Any CPU.Build.0 = Debug|Any CPU
		{21A41496-DF2D-4054-8C10-ADF30DCB2C77}.Debug|x86.ActiveCfg = Debug|Any CPU
		{21A41496-DF2D-4054-8C10-ADF30DCB2C77}.Debug|x86.Build.0 = Debug|Any CPU
		{21A41496-DF2D-4054-8C10-ADF30DCB2C77}.Integrated|Any CPU.ActiveCfg = Integrated|Any CPU
		{21A41496-DF2D-4054-8C10-ADF30DCB2C77}.Integrated|Any CPU.Build.0 = Integrated|Any CPU
		{21A41496-DF2D-4054-8C10-ADF30DCB2C77}.Integrated|x86.ActiveCfg = Integrated|Any CPU
		{21A41496-DF2D-4054-8C10-ADF30DCB2C77}.Integrated|x86.Build.0 = Integrated|Any CPU
		{21A41496-DF2D-4054-8C10-ADF30DCB2C77}.Release|Any CPU.ActiveCfg = Release|Any CPU
		{21A41496-DF2D-4054-8C10-ADF30DCB2C77}.Release|Any CPU.Build.0 = Release|Any CPU
		{21A41496-DF2D-4054-8C10-ADF30DCB2C77}.Release|x86.ActiveCfg = Release|Any CPU
		{21A41496-DF2D-4054-8C10-ADF30DCB2C77}.Release|x86.Build.0 = Release|Any CPU
		{21A41496-DF2D-4054-8C10-ADF30DCB2C77}.Staging|Any CPU.ActiveCfg = Release|Any CPU
		{21A41496-DF2D-4054-8C10-ADF30DCB2C77}.Staging|Any CPU.Build.0 = Release|Any CPU
		{21A41496-DF2D-4054-8C10-ADF30DCB2C77}.Staging|x86.ActiveCfg = Release|Any CPU
		{21A41496-DF2D-4054-8C10-ADF30DCB2C77}.Staging|x86.Build.0 = Release|Any CPU
		{21A41496-DF2D-4054-8C10-ADF30DCB2C77}.Test|Any CPU.ActiveCfg = Release|Any CPU
		{21A41496-DF2D-4054-8C10-ADF30DCB2C77}.Test|Any CPU.Build.0 = Release|Any CPU
		{21A41496-DF2D-4054-8C10-ADF30DCB2C77}.Test|x86.ActiveCfg = Release|Any CPU
		{21A41496-DF2D-4054-8C10-ADF30DCB2C77}.Test|x86.Build.0 = Release|Any CPU
		{875FBA84-092A-427A-BF79-78243F3B081E}.Debug|Any CPU.ActiveCfg = Debug|Any CPU
		{875FBA84-092A-427A-BF79-78243F3B081E}.Debug|Any CPU.Build.0 = Debug|Any CPU
		{875FBA84-092A-427A-BF79-78243F3B081E}.Debug|x86.ActiveCfg = Debug|Any CPU
		{875FBA84-092A-427A-BF79-78243F3B081E}.Debug|x86.Build.0 = Debug|Any CPU
		{875FBA84-092A-427A-BF79-78243F3B081E}.Integrated|Any CPU.ActiveCfg = Integrated|Any CPU
		{875FBA84-092A-427A-BF79-78243F3B081E}.Integrated|Any CPU.Build.0 = Integrated|Any CPU
		{875FBA84-092A-427A-BF79-78243F3B081E}.Integrated|x86.ActiveCfg = Integrated|Any CPU
		{875FBA84-092A-427A-BF79-78243F3B081E}.Integrated|x86.Build.0 = Integrated|Any CPU
		{875FBA84-092A-427A-BF79-78243F3B081E}.Release|Any CPU.ActiveCfg = Release|Any CPU
		{875FBA84-092A-427A-BF79-78243F3B081E}.Release|Any CPU.Build.0 = Release|Any CPU
		{875FBA84-092A-427A-BF79-78243F3B081E}.Release|x86.ActiveCfg = Release|Any CPU
		{875FBA84-092A-427A-BF79-78243F3B081E}.Release|x86.Build.0 = Release|Any CPU
		{875FBA84-092A-427A-BF79-78243F3B081E}.Staging|Any CPU.ActiveCfg = Release|Any CPU
		{875FBA84-092A-427A-BF79-78243F3B081E}.Staging|Any CPU.Build.0 = Release|Any CPU
		{875FBA84-092A-427A-BF79-78243F3B081E}.Staging|x86.ActiveCfg = Release|Any CPU
		{875FBA84-092A-427A-BF79-78243F3B081E}.Staging|x86.Build.0 = Release|Any CPU
		{875FBA84-092A-427A-BF79-78243F3B081E}.Test|Any CPU.ActiveCfg = Release|Any CPU
		{875FBA84-092A-427A-BF79-78243F3B081E}.Test|Any CPU.Build.0 = Release|Any CPU
		{875FBA84-092A-427A-BF79-78243F3B081E}.Test|x86.ActiveCfg = Release|Any CPU
		{875FBA84-092A-427A-BF79-78243F3B081E}.Test|x86.Build.0 = Release|Any CPU
		{2FED0CAB-E792-48F0-B558-CD7437C8236D}.Debug|Any CPU.ActiveCfg = Debug|Any CPU
		{2FED0CAB-E792-48F0-B558-CD7437C8236D}.Debug|Any CPU.Build.0 = Debug|Any CPU
		{2FED0CAB-E792-48F0-B558-CD7437C8236D}.Debug|x86.ActiveCfg = Debug|Any CPU
		{2FED0CAB-E792-48F0-B558-CD7437C8236D}.Debug|x86.Build.0 = Debug|Any CPU
		{2FED0CAB-E792-48F0-B558-CD7437C8236D}.Integrated|Any CPU.ActiveCfg = Integrated|Any CPU
		{2FED0CAB-E792-48F0-B558-CD7437C8236D}.Integrated|Any CPU.Build.0 = Integrated|Any CPU
		{2FED0CAB-E792-48F0-B558-CD7437C8236D}.Integrated|x86.ActiveCfg = Integrated|Any CPU
		{2FED0CAB-E792-48F0-B558-CD7437C8236D}.Integrated|x86.Build.0 = Integrated|Any CPU
		{2FED0CAB-E792-48F0-B558-CD7437C8236D}.Release|Any CPU.ActiveCfg = Release|Any CPU
		{2FED0CAB-E792-48F0-B558-CD7437C8236D}.Release|Any CPU.Build.0 = Release|Any CPU
		{2FED0CAB-E792-48F0-B558-CD7437C8236D}.Release|x86.ActiveCfg = Release|Any CPU
		{2FED0CAB-E792-48F0-B558-CD7437C8236D}.Release|x86.Build.0 = Release|Any CPU
		{2FED0CAB-E792-48F0-B558-CD7437C8236D}.Staging|Any CPU.ActiveCfg = Release|Any CPU
		{2FED0CAB-E792-48F0-B558-CD7437C8236D}.Staging|Any CPU.Build.0 = Release|Any CPU
		{2FED0CAB-E792-48F0-B558-CD7437C8236D}.Staging|x86.ActiveCfg = Release|Any CPU
		{2FED0CAB-E792-48F0-B558-CD7437C8236D}.Staging|x86.Build.0 = Release|Any CPU
		{2FED0CAB-E792-48F0-B558-CD7437C8236D}.Test|Any CPU.ActiveCfg = Release|Any CPU
		{2FED0CAB-E792-48F0-B558-CD7437C8236D}.Test|Any CPU.Build.0 = Release|Any CPU
		{2FED0CAB-E792-48F0-B558-CD7437C8236D}.Test|x86.ActiveCfg = Release|Any CPU
		{2FED0CAB-E792-48F0-B558-CD7437C8236D}.Test|x86.Build.0 = Release|Any CPU
		{0304DA15-717D-46FF-B13E-6FE66F086119}.Debug|Any CPU.ActiveCfg = Debug|Any CPU
		{0304DA15-717D-46FF-B13E-6FE66F086119}.Debug|Any CPU.Build.0 = Debug|Any CPU
		{0304DA15-717D-46FF-B13E-6FE66F086119}.Debug|x86.ActiveCfg = Debug|Any CPU
		{0304DA15-717D-46FF-B13E-6FE66F086119}.Debug|x86.Build.0 = Debug|Any CPU
		{0304DA15-717D-46FF-B13E-6FE66F086119}.Integrated|Any CPU.ActiveCfg = Integrated|Any CPU
		{0304DA15-717D-46FF-B13E-6FE66F086119}.Integrated|Any CPU.Build.0 = Integrated|Any CPU
		{0304DA15-717D-46FF-B13E-6FE66F086119}.Integrated|x86.ActiveCfg = Integrated|Any CPU
		{0304DA15-717D-46FF-B13E-6FE66F086119}.Integrated|x86.Build.0 = Integrated|Any CPU
		{0304DA15-717D-46FF-B13E-6FE66F086119}.Release|Any CPU.ActiveCfg = Release|Any CPU
		{0304DA15-717D-46FF-B13E-6FE66F086119}.Release|Any CPU.Build.0 = Release|Any CPU
		{0304DA15-717D-46FF-B13E-6FE66F086119}.Release|x86.ActiveCfg = Release|Any CPU
		{0304DA15-717D-46FF-B13E-6FE66F086119}.Release|x86.Build.0 = Release|Any CPU
		{0304DA15-717D-46FF-B13E-6FE66F086119}.Staging|Any CPU.ActiveCfg = Release|Any CPU
		{0304DA15-717D-46FF-B13E-6FE66F086119}.Staging|Any CPU.Build.0 = Release|Any CPU
		{0304DA15-717D-46FF-B13E-6FE66F086119}.Staging|x86.ActiveCfg = Release|Any CPU
		{0304DA15-717D-46FF-B13E-6FE66F086119}.Staging|x86.Build.0 = Release|Any CPU
		{0304DA15-717D-46FF-B13E-6FE66F086119}.Test|Any CPU.ActiveCfg = Release|Any CPU
		{0304DA15-717D-46FF-B13E-6FE66F086119}.Test|Any CPU.Build.0 = Release|Any CPU
		{0304DA15-717D-46FF-B13E-6FE66F086119}.Test|x86.ActiveCfg = Release|Any CPU
		{0304DA15-717D-46FF-B13E-6FE66F086119}.Test|x86.Build.0 = Release|Any CPU
		{1A5AE0B9-4C8D-4CA7-B8B5-D22B87C45A53}.Debug|Any CPU.ActiveCfg = Debug|Any CPU
		{1A5AE0B9-4C8D-4CA7-B8B5-D22B87C45A53}.Debug|Any CPU.Build.0 = Debug|Any CPU
		{1A5AE0B9-4C8D-4CA7-B8B5-D22B87C45A53}.Debug|x86.ActiveCfg = Debug|Any CPU
		{1A5AE0B9-4C8D-4CA7-B8B5-D22B87C45A53}.Debug|x86.Build.0 = Debug|Any CPU
		{1A5AE0B9-4C8D-4CA7-B8B5-D22B87C45A53}.Integrated|Any CPU.ActiveCfg = Integrated|Any CPU
		{1A5AE0B9-4C8D-4CA7-B8B5-D22B87C45A53}.Integrated|Any CPU.Build.0 = Integrated|Any CPU
		{1A5AE0B9-4C8D-4CA7-B8B5-D22B87C45A53}.Integrated|x86.ActiveCfg = Integrated|Any CPU
		{1A5AE0B9-4C8D-4CA7-B8B5-D22B87C45A53}.Integrated|x86.Build.0 = Integrated|Any CPU
		{1A5AE0B9-4C8D-4CA7-B8B5-D22B87C45A53}.Release|Any CPU.ActiveCfg = Release|Any CPU
		{1A5AE0B9-4C8D-4CA7-B8B5-D22B87C45A53}.Release|Any CPU.Build.0 = Release|Any CPU
		{1A5AE0B9-4C8D-4CA7-B8B5-D22B87C45A53}.Release|x86.ActiveCfg = Release|Any CPU
		{1A5AE0B9-4C8D-4CA7-B8B5-D22B87C45A53}.Release|x86.Build.0 = Release|Any CPU
		{1A5AE0B9-4C8D-4CA7-B8B5-D22B87C45A53}.Staging|Any CPU.ActiveCfg = Release|Any CPU
		{1A5AE0B9-4C8D-4CA7-B8B5-D22B87C45A53}.Staging|Any CPU.Build.0 = Release|Any CPU
		{1A5AE0B9-4C8D-4CA7-B8B5-D22B87C45A53}.Staging|x86.ActiveCfg = Release|Any CPU
		{1A5AE0B9-4C8D-4CA7-B8B5-D22B87C45A53}.Staging|x86.Build.0 = Release|Any CPU
		{1A5AE0B9-4C8D-4CA7-B8B5-D22B87C45A53}.Test|Any CPU.ActiveCfg = Release|Any CPU
		{1A5AE0B9-4C8D-4CA7-B8B5-D22B87C45A53}.Test|Any CPU.Build.0 = Release|Any CPU
		{1A5AE0B9-4C8D-4CA7-B8B5-D22B87C45A53}.Test|x86.ActiveCfg = Release|Any CPU
		{1A5AE0B9-4C8D-4CA7-B8B5-D22B87C45A53}.Test|x86.Build.0 = Release|Any CPU
		{3E2E98E9-A179-468B-938F-24178AC5D729}.Debug|Any CPU.ActiveCfg = Debug|Any CPU
		{3E2E98E9-A179-468B-938F-24178AC5D729}.Debug|Any CPU.Build.0 = Debug|Any CPU
		{3E2E98E9-A179-468B-938F-24178AC5D729}.Debug|x86.ActiveCfg = Debug|Any CPU
		{3E2E98E9-A179-468B-938F-24178AC5D729}.Debug|x86.Build.0 = Debug|Any CPU
		{3E2E98E9-A179-468B-938F-24178AC5D729}.Integrated|Any CPU.ActiveCfg = Integrated|Any CPU
		{3E2E98E9-A179-468B-938F-24178AC5D729}.Integrated|Any CPU.Build.0 = Integrated|Any CPU
		{3E2E98E9-A179-468B-938F-24178AC5D729}.Integrated|x86.ActiveCfg = Integrated|Any CPU
		{3E2E98E9-A179-468B-938F-24178AC5D729}.Integrated|x86.Build.0 = Integrated|Any CPU
		{3E2E98E9-A179-468B-938F-24178AC5D729}.Release|Any CPU.ActiveCfg = Release|Any CPU
		{3E2E98E9-A179-468B-938F-24178AC5D729}.Release|Any CPU.Build.0 = Release|Any CPU
		{3E2E98E9-A179-468B-938F-24178AC5D729}.Release|x86.ActiveCfg = Release|Any CPU
		{3E2E98E9-A179-468B-938F-24178AC5D729}.Release|x86.Build.0 = Release|Any CPU
		{3E2E98E9-A179-468B-938F-24178AC5D729}.Staging|Any CPU.ActiveCfg = Release|Any CPU
		{3E2E98E9-A179-468B-938F-24178AC5D729}.Staging|Any CPU.Build.0 = Release|Any CPU
		{3E2E98E9-A179-468B-938F-24178AC5D729}.Staging|x86.ActiveCfg = Release|Any CPU
		{3E2E98E9-A179-468B-938F-24178AC5D729}.Staging|x86.Build.0 = Release|Any CPU
		{3E2E98E9-A179-468B-938F-24178AC5D729}.Test|Any CPU.ActiveCfg = Release|Any CPU
		{3E2E98E9-A179-468B-938F-24178AC5D729}.Test|Any CPU.Build.0 = Release|Any CPU
		{3E2E98E9-A179-468B-938F-24178AC5D729}.Test|x86.ActiveCfg = Release|Any CPU
		{3E2E98E9-A179-468B-938F-24178AC5D729}.Test|x86.Build.0 = Release|Any CPU
		{29056786-1AF8-467B-B912-E79DA3B46F72}.Debug|Any CPU.ActiveCfg = Debug|Any CPU
		{29056786-1AF8-467B-B912-E79DA3B46F72}.Debug|Any CPU.Build.0 = Debug|Any CPU
		{29056786-1AF8-467B-B912-E79DA3B46F72}.Debug|x86.ActiveCfg = Debug|Any CPU
		{29056786-1AF8-467B-B912-E79DA3B46F72}.Debug|x86.Build.0 = Debug|Any CPU
		{29056786-1AF8-467B-B912-E79DA3B46F72}.Integrated|Any CPU.ActiveCfg = Integrated|Any CPU
		{29056786-1AF8-467B-B912-E79DA3B46F72}.Integrated|Any CPU.Build.0 = Integrated|Any CPU
		{29056786-1AF8-467B-B912-E79DA3B46F72}.Integrated|x86.ActiveCfg = Integrated|Any CPU
		{29056786-1AF8-467B-B912-E79DA3B46F72}.Integrated|x86.Build.0 = Integrated|Any CPU
		{29056786-1AF8-467B-B912-E79DA3B46F72}.Release|Any CPU.ActiveCfg = Release|Any CPU
		{29056786-1AF8-467B-B912-E79DA3B46F72}.Release|Any CPU.Build.0 = Release|Any CPU
		{29056786-1AF8-467B-B912-E79DA3B46F72}.Release|x86.ActiveCfg = Release|Any CPU
		{29056786-1AF8-467B-B912-E79DA3B46F72}.Release|x86.Build.0 = Release|Any CPU
		{29056786-1AF8-467B-B912-E79DA3B46F72}.Staging|Any CPU.ActiveCfg = Release|Any CPU
		{29056786-1AF8-467B-B912-E79DA3B46F72}.Staging|Any CPU.Build.0 = Release|Any CPU
		{29056786-1AF8-467B-B912-E79DA3B46F72}.Staging|x86.ActiveCfg = Release|Any CPU
		{29056786-1AF8-467B-B912-E79DA3B46F72}.Staging|x86.Build.0 = Release|Any CPU
		{29056786-1AF8-467B-B912-E79DA3B46F72}.Test|Any CPU.ActiveCfg = Release|Any CPU
		{29056786-1AF8-467B-B912-E79DA3B46F72}.Test|Any CPU.Build.0 = Release|Any CPU
		{29056786-1AF8-467B-B912-E79DA3B46F72}.Test|x86.ActiveCfg = Release|Any CPU
		{29056786-1AF8-467B-B912-E79DA3B46F72}.Test|x86.Build.0 = Release|Any CPU
		{1F8D4A8E-C1A5-482A-8C6B-D3654D5033B4}.Debug|Any CPU.ActiveCfg = Debug|Any CPU
		{1F8D4A8E-C1A5-482A-8C6B-D3654D5033B4}.Debug|Any CPU.Build.0 = Debug|Any CPU
		{1F8D4A8E-C1A5-482A-8C6B-D3654D5033B4}.Debug|x86.ActiveCfg = Debug|Any CPU
		{1F8D4A8E-C1A5-482A-8C6B-D3654D5033B4}.Debug|x86.Build.0 = Debug|Any CPU
		{1F8D4A8E-C1A5-482A-8C6B-D3654D5033B4}.Integrated|Any CPU.ActiveCfg = Integrated|Any CPU
		{1F8D4A8E-C1A5-482A-8C6B-D3654D5033B4}.Integrated|Any CPU.Build.0 = Integrated|Any CPU
		{1F8D4A8E-C1A5-482A-8C6B-D3654D5033B4}.Integrated|x86.ActiveCfg = Integrated|Any CPU
		{1F8D4A8E-C1A5-482A-8C6B-D3654D5033B4}.Integrated|x86.Build.0 = Integrated|Any CPU
		{1F8D4A8E-C1A5-482A-8C6B-D3654D5033B4}.Release|Any CPU.ActiveCfg = Release|Any CPU
		{1F8D4A8E-C1A5-482A-8C6B-D3654D5033B4}.Release|Any CPU.Build.0 = Release|Any CPU
		{1F8D4A8E-C1A5-482A-8C6B-D3654D5033B4}.Release|x86.ActiveCfg = Release|Any CPU
		{1F8D4A8E-C1A5-482A-8C6B-D3654D5033B4}.Release|x86.Build.0 = Release|Any CPU
		{1F8D4A8E-C1A5-482A-8C6B-D3654D5033B4}.Staging|Any CPU.ActiveCfg = Release|Any CPU
		{1F8D4A8E-C1A5-482A-8C6B-D3654D5033B4}.Staging|Any CPU.Build.0 = Release|Any CPU
		{1F8D4A8E-C1A5-482A-8C6B-D3654D5033B4}.Staging|x86.ActiveCfg = Release|Any CPU
		{1F8D4A8E-C1A5-482A-8C6B-D3654D5033B4}.Staging|x86.Build.0 = Release|Any CPU
		{1F8D4A8E-C1A5-482A-8C6B-D3654D5033B4}.Test|Any CPU.ActiveCfg = Release|Any CPU
		{1F8D4A8E-C1A5-482A-8C6B-D3654D5033B4}.Test|Any CPU.Build.0 = Release|Any CPU
		{1F8D4A8E-C1A5-482A-8C6B-D3654D5033B4}.Test|x86.ActiveCfg = Release|Any CPU
		{1F8D4A8E-C1A5-482A-8C6B-D3654D5033B4}.Test|x86.Build.0 = Release|Any CPU
		{7D455495-56D2-4736-8ED8-C3567D6E6222}.Debug|Any CPU.ActiveCfg = Debug|Any CPU
		{7D455495-56D2-4736-8ED8-C3567D6E6222}.Debug|Any CPU.Build.0 = Debug|Any CPU
		{7D455495-56D2-4736-8ED8-C3567D6E6222}.Debug|x86.ActiveCfg = Debug|Any CPU
		{7D455495-56D2-4736-8ED8-C3567D6E6222}.Debug|x86.Build.0 = Debug|Any CPU
		{7D455495-56D2-4736-8ED8-C3567D6E6222}.Integrated|Any CPU.ActiveCfg = Integrated|Any CPU
		{7D455495-56D2-4736-8ED8-C3567D6E6222}.Integrated|Any CPU.Build.0 = Integrated|Any CPU
		{7D455495-56D2-4736-8ED8-C3567D6E6222}.Integrated|x86.ActiveCfg = Integrated|Any CPU
		{7D455495-56D2-4736-8ED8-C3567D6E6222}.Integrated|x86.Build.0 = Integrated|Any CPU
		{7D455495-56D2-4736-8ED8-C3567D6E6222}.Release|Any CPU.ActiveCfg = Release|Any CPU
		{7D455495-56D2-4736-8ED8-C3567D6E6222}.Release|Any CPU.Build.0 = Release|Any CPU
		{7D455495-56D2-4736-8ED8-C3567D6E6222}.Release|x86.ActiveCfg = Release|Any CPU
		{7D455495-56D2-4736-8ED8-C3567D6E6222}.Release|x86.Build.0 = Release|Any CPU
		{7D455495-56D2-4736-8ED8-C3567D6E6222}.Staging|Any CPU.ActiveCfg = Staging|Any CPU
		{7D455495-56D2-4736-8ED8-C3567D6E6222}.Staging|Any CPU.Build.0 = Staging|Any CPU
		{7D455495-56D2-4736-8ED8-C3567D6E6222}.Staging|x86.ActiveCfg = Staging|Any CPU
		{7D455495-56D2-4736-8ED8-C3567D6E6222}.Staging|x86.Build.0 = Staging|Any CPU
		{7D455495-56D2-4736-8ED8-C3567D6E6222}.Test|Any CPU.ActiveCfg = Staging|Any CPU
		{7D455495-56D2-4736-8ED8-C3567D6E6222}.Test|Any CPU.Build.0 = Staging|Any CPU
		{7D455495-56D2-4736-8ED8-C3567D6E6222}.Test|x86.ActiveCfg = Test|Any CPU
		{7D455495-56D2-4736-8ED8-C3567D6E6222}.Test|x86.Build.0 = Test|Any CPU
		{B024B180-B917-4AED-B2AF-5A611F9E33E3}.Debug|Any CPU.ActiveCfg = Debug|Any CPU
		{B024B180-B917-4AED-B2AF-5A611F9E33E3}.Debug|Any CPU.Build.0 = Debug|Any CPU
		{B024B180-B917-4AED-B2AF-5A611F9E33E3}.Debug|x86.ActiveCfg = Debug|Any CPU
		{B024B180-B917-4AED-B2AF-5A611F9E33E3}.Debug|x86.Build.0 = Debug|Any CPU
		{B024B180-B917-4AED-B2AF-5A611F9E33E3}.Integrated|Any CPU.ActiveCfg = Integrated|Any CPU
		{B024B180-B917-4AED-B2AF-5A611F9E33E3}.Integrated|Any CPU.Build.0 = Integrated|Any CPU
		{B024B180-B917-4AED-B2AF-5A611F9E33E3}.Integrated|x86.ActiveCfg = Integrated|Any CPU
		{B024B180-B917-4AED-B2AF-5A611F9E33E3}.Integrated|x86.Build.0 = Integrated|Any CPU
		{B024B180-B917-4AED-B2AF-5A611F9E33E3}.Release|Any CPU.ActiveCfg = Release|Any CPU
		{B024B180-B917-4AED-B2AF-5A611F9E33E3}.Release|Any CPU.Build.0 = Release|Any CPU
		{B024B180-B917-4AED-B2AF-5A611F9E33E3}.Release|x86.ActiveCfg = Release|Any CPU
		{B024B180-B917-4AED-B2AF-5A611F9E33E3}.Release|x86.Build.0 = Release|Any CPU
		{B024B180-B917-4AED-B2AF-5A611F9E33E3}.Staging|Any CPU.ActiveCfg = Release|Any CPU
		{B024B180-B917-4AED-B2AF-5A611F9E33E3}.Staging|Any CPU.Build.0 = Release|Any CPU
		{B024B180-B917-4AED-B2AF-5A611F9E33E3}.Staging|x86.ActiveCfg = Release|Any CPU
		{B024B180-B917-4AED-B2AF-5A611F9E33E3}.Staging|x86.Build.0 = Release|Any CPU
		{B024B180-B917-4AED-B2AF-5A611F9E33E3}.Test|Any CPU.ActiveCfg = Release|Any CPU
		{B024B180-B917-4AED-B2AF-5A611F9E33E3}.Test|Any CPU.Build.0 = Release|Any CPU
		{B024B180-B917-4AED-B2AF-5A611F9E33E3}.Test|x86.ActiveCfg = Release|Any CPU
		{B024B180-B917-4AED-B2AF-5A611F9E33E3}.Test|x86.Build.0 = Release|Any CPU
		{7908C915-B775-4CEE-A5B7-1A7BDA0BBCA4}.Debug|Any CPU.ActiveCfg = Debug|Any CPU
		{7908C915-B775-4CEE-A5B7-1A7BDA0BBCA4}.Debug|Any CPU.Build.0 = Debug|Any CPU
		{7908C915-B775-4CEE-A5B7-1A7BDA0BBCA4}.Debug|x86.ActiveCfg = Debug|Any CPU
		{7908C915-B775-4CEE-A5B7-1A7BDA0BBCA4}.Debug|x86.Build.0 = Debug|Any CPU
		{7908C915-B775-4CEE-A5B7-1A7BDA0BBCA4}.Integrated|Any CPU.ActiveCfg = Integrated|Any CPU
		{7908C915-B775-4CEE-A5B7-1A7BDA0BBCA4}.Integrated|Any CPU.Build.0 = Integrated|Any CPU
		{7908C915-B775-4CEE-A5B7-1A7BDA0BBCA4}.Integrated|x86.ActiveCfg = Integrated|Any CPU
		{7908C915-B775-4CEE-A5B7-1A7BDA0BBCA4}.Integrated|x86.Build.0 = Integrated|Any CPU
		{7908C915-B775-4CEE-A5B7-1A7BDA0BBCA4}.Release|Any CPU.ActiveCfg = Release|Any CPU
		{7908C915-B775-4CEE-A5B7-1A7BDA0BBCA4}.Release|Any CPU.Build.0 = Release|Any CPU
		{7908C915-B775-4CEE-A5B7-1A7BDA0BBCA4}.Release|x86.ActiveCfg = Release|Any CPU
		{7908C915-B775-4CEE-A5B7-1A7BDA0BBCA4}.Release|x86.Build.0 = Release|Any CPU
		{7908C915-B775-4CEE-A5B7-1A7BDA0BBCA4}.Staging|Any CPU.ActiveCfg = Release|Any CPU
		{7908C915-B775-4CEE-A5B7-1A7BDA0BBCA4}.Staging|Any CPU.Build.0 = Release|Any CPU
		{7908C915-B775-4CEE-A5B7-1A7BDA0BBCA4}.Staging|x86.ActiveCfg = Release|Any CPU
		{7908C915-B775-4CEE-A5B7-1A7BDA0BBCA4}.Staging|x86.Build.0 = Release|Any CPU
		{7908C915-B775-4CEE-A5B7-1A7BDA0BBCA4}.Test|Any CPU.ActiveCfg = Release|Any CPU
		{7908C915-B775-4CEE-A5B7-1A7BDA0BBCA4}.Test|Any CPU.Build.0 = Release|Any CPU
		{7908C915-B775-4CEE-A5B7-1A7BDA0BBCA4}.Test|x86.ActiveCfg = Release|Any CPU
		{7908C915-B775-4CEE-A5B7-1A7BDA0BBCA4}.Test|x86.Build.0 = Release|Any CPU
		{687BA19A-D79A-44AA-B69A-E08DD3C975C3}.Debug|Any CPU.ActiveCfg = Debug|Any CPU
		{687BA19A-D79A-44AA-B69A-E08DD3C975C3}.Debug|Any CPU.Build.0 = Debug|Any CPU
		{687BA19A-D79A-44AA-B69A-E08DD3C975C3}.Debug|x86.ActiveCfg = Debug|Any CPU
		{687BA19A-D79A-44AA-B69A-E08DD3C975C3}.Debug|x86.Build.0 = Debug|Any CPU
		{687BA19A-D79A-44AA-B69A-E08DD3C975C3}.Integrated|Any CPU.ActiveCfg = Integrated|Any CPU
		{687BA19A-D79A-44AA-B69A-E08DD3C975C3}.Integrated|Any CPU.Build.0 = Integrated|Any CPU
		{687BA19A-D79A-44AA-B69A-E08DD3C975C3}.Integrated|x86.ActiveCfg = Integrated|Any CPU
		{687BA19A-D79A-44AA-B69A-E08DD3C975C3}.Integrated|x86.Build.0 = Integrated|Any CPU
		{687BA19A-D79A-44AA-B69A-E08DD3C975C3}.Release|Any CPU.ActiveCfg = Release|Any CPU
		{687BA19A-D79A-44AA-B69A-E08DD3C975C3}.Release|Any CPU.Build.0 = Release|Any CPU
		{687BA19A-D79A-44AA-B69A-E08DD3C975C3}.Release|x86.ActiveCfg = Release|Any CPU
		{687BA19A-D79A-44AA-B69A-E08DD3C975C3}.Release|x86.Build.0 = Release|Any CPU
		{687BA19A-D79A-44AA-B69A-E08DD3C975C3}.Staging|Any CPU.ActiveCfg = Release|Any CPU
		{687BA19A-D79A-44AA-B69A-E08DD3C975C3}.Staging|Any CPU.Build.0 = Release|Any CPU
		{687BA19A-D79A-44AA-B69A-E08DD3C975C3}.Staging|x86.ActiveCfg = Release|Any CPU
		{687BA19A-D79A-44AA-B69A-E08DD3C975C3}.Staging|x86.Build.0 = Release|Any CPU
		{687BA19A-D79A-44AA-B69A-E08DD3C975C3}.Test|Any CPU.ActiveCfg = Release|Any CPU
		{687BA19A-D79A-44AA-B69A-E08DD3C975C3}.Test|Any CPU.Build.0 = Release|Any CPU
		{687BA19A-D79A-44AA-B69A-E08DD3C975C3}.Test|x86.ActiveCfg = Release|Any CPU
		{687BA19A-D79A-44AA-B69A-E08DD3C975C3}.Test|x86.Build.0 = Release|Any CPU
		{386C0A87-21DC-40A0-9832-7C21216D098A}.Debug|Any CPU.ActiveCfg = Debug|Any CPU
		{386C0A87-21DC-40A0-9832-7C21216D098A}.Debug|Any CPU.Build.0 = Debug|Any CPU
		{386C0A87-21DC-40A0-9832-7C21216D098A}.Debug|x86.ActiveCfg = Debug|Any CPU
		{386C0A87-21DC-40A0-9832-7C21216D098A}.Debug|x86.Build.0 = Debug|Any CPU
		{386C0A87-21DC-40A0-9832-7C21216D098A}.Integrated|Any CPU.ActiveCfg = Integrated|Any CPU
		{386C0A87-21DC-40A0-9832-7C21216D098A}.Integrated|Any CPU.Build.0 = Integrated|Any CPU
		{386C0A87-21DC-40A0-9832-7C21216D098A}.Integrated|x86.ActiveCfg = Integrated|Any CPU
		{386C0A87-21DC-40A0-9832-7C21216D098A}.Integrated|x86.Build.0 = Integrated|Any CPU
		{386C0A87-21DC-40A0-9832-7C21216D098A}.Release|Any CPU.ActiveCfg = Test|Any CPU
		{386C0A87-21DC-40A0-9832-7C21216D098A}.Release|Any CPU.Build.0 = Test|Any CPU
		{386C0A87-21DC-40A0-9832-7C21216D098A}.Release|x86.ActiveCfg = Release|Any CPU
		{386C0A87-21DC-40A0-9832-7C21216D098A}.Release|x86.Build.0 = Release|Any CPU
		{386C0A87-21DC-40A0-9832-7C21216D098A}.Staging|Any CPU.ActiveCfg = Release|Any CPU
		{386C0A87-21DC-40A0-9832-7C21216D098A}.Staging|Any CPU.Build.0 = Release|Any CPU
		{386C0A87-21DC-40A0-9832-7C21216D098A}.Staging|x86.ActiveCfg = Release|Any CPU
		{386C0A87-21DC-40A0-9832-7C21216D098A}.Staging|x86.Build.0 = Release|Any CPU
		{386C0A87-21DC-40A0-9832-7C21216D098A}.Test|Any CPU.ActiveCfg = Release|Any CPU
		{386C0A87-21DC-40A0-9832-7C21216D098A}.Test|Any CPU.Build.0 = Release|Any CPU
		{386C0A87-21DC-40A0-9832-7C21216D098A}.Test|x86.ActiveCfg = Release|Any CPU
		{386C0A87-21DC-40A0-9832-7C21216D098A}.Test|x86.Build.0 = Release|Any CPU
		{F1CAC744-5DF4-4E0A-954A-5FF47CFFB9E7}.Debug|Any CPU.ActiveCfg = Debug|Any CPU
		{F1CAC744-5DF4-4E0A-954A-5FF47CFFB9E7}.Debug|Any CPU.Build.0 = Debug|Any CPU
		{F1CAC744-5DF4-4E0A-954A-5FF47CFFB9E7}.Debug|x86.ActiveCfg = Debug|Any CPU
		{F1CAC744-5DF4-4E0A-954A-5FF47CFFB9E7}.Debug|x86.Build.0 = Debug|Any CPU
		{F1CAC744-5DF4-4E0A-954A-5FF47CFFB9E7}.Integrated|Any CPU.ActiveCfg = Integrated|Any CPU
		{F1CAC744-5DF4-4E0A-954A-5FF47CFFB9E7}.Integrated|Any CPU.Build.0 = Integrated|Any CPU
		{F1CAC744-5DF4-4E0A-954A-5FF47CFFB9E7}.Integrated|x86.ActiveCfg = Integrated|Any CPU
		{F1CAC744-5DF4-4E0A-954A-5FF47CFFB9E7}.Integrated|x86.Build.0 = Integrated|Any CPU
		{F1CAC744-5DF4-4E0A-954A-5FF47CFFB9E7}.Release|Any CPU.ActiveCfg = Staging|Any CPU
		{F1CAC744-5DF4-4E0A-954A-5FF47CFFB9E7}.Release|Any CPU.Build.0 = Staging|Any CPU
		{F1CAC744-5DF4-4E0A-954A-5FF47CFFB9E7}.Release|x86.ActiveCfg = Release|Any CPU
		{F1CAC744-5DF4-4E0A-954A-5FF47CFFB9E7}.Release|x86.Build.0 = Release|Any CPU
		{F1CAC744-5DF4-4E0A-954A-5FF47CFFB9E7}.Staging|Any CPU.ActiveCfg = Release|Any CPU
		{F1CAC744-5DF4-4E0A-954A-5FF47CFFB9E7}.Staging|Any CPU.Build.0 = Release|Any CPU
		{F1CAC744-5DF4-4E0A-954A-5FF47CFFB9E7}.Staging|x86.ActiveCfg = Release|Any CPU
		{F1CAC744-5DF4-4E0A-954A-5FF47CFFB9E7}.Staging|x86.Build.0 = Release|Any CPU
		{F1CAC744-5DF4-4E0A-954A-5FF47CFFB9E7}.Test|Any CPU.ActiveCfg = Debug|Any CPU
		{F1CAC744-5DF4-4E0A-954A-5FF47CFFB9E7}.Test|Any CPU.Build.0 = Debug|Any CPU
		{F1CAC744-5DF4-4E0A-954A-5FF47CFFB9E7}.Test|x86.ActiveCfg = Release|Any CPU
		{F1CAC744-5DF4-4E0A-954A-5FF47CFFB9E7}.Test|x86.Build.0 = Release|Any CPU
		{7633152E-7A64-40C9-8A5B-DFCFB49A3A96}.Debug|Any CPU.ActiveCfg = Debug|Any CPU
		{7633152E-7A64-40C9-8A5B-DFCFB49A3A96}.Debug|Any CPU.Build.0 = Debug|Any CPU
		{7633152E-7A64-40C9-8A5B-DFCFB49A3A96}.Debug|x86.ActiveCfg = Debug|Any CPU
		{7633152E-7A64-40C9-8A5B-DFCFB49A3A96}.Debug|x86.Build.0 = Debug|Any CPU
		{7633152E-7A64-40C9-8A5B-DFCFB49A3A96}.Integrated|Any CPU.ActiveCfg = Integrated|Any CPU
		{7633152E-7A64-40C9-8A5B-DFCFB49A3A96}.Integrated|Any CPU.Build.0 = Integrated|Any CPU
		{7633152E-7A64-40C9-8A5B-DFCFB49A3A96}.Integrated|x86.ActiveCfg = Integrated|Any CPU
		{7633152E-7A64-40C9-8A5B-DFCFB49A3A96}.Integrated|x86.Build.0 = Integrated|Any CPU
		{7633152E-7A64-40C9-8A5B-DFCFB49A3A96}.Release|Any CPU.ActiveCfg = Release|Any CPU
		{7633152E-7A64-40C9-8A5B-DFCFB49A3A96}.Release|Any CPU.Build.0 = Release|Any CPU
		{7633152E-7A64-40C9-8A5B-DFCFB49A3A96}.Release|x86.ActiveCfg = Release|Any CPU
		{7633152E-7A64-40C9-8A5B-DFCFB49A3A96}.Release|x86.Build.0 = Release|Any CPU
		{7633152E-7A64-40C9-8A5B-DFCFB49A3A96}.Staging|Any CPU.ActiveCfg = Release|Any CPU
		{7633152E-7A64-40C9-8A5B-DFCFB49A3A96}.Staging|Any CPU.Build.0 = Release|Any CPU
		{7633152E-7A64-40C9-8A5B-DFCFB49A3A96}.Staging|x86.ActiveCfg = Release|Any CPU
		{7633152E-7A64-40C9-8A5B-DFCFB49A3A96}.Staging|x86.Build.0 = Release|Any CPU
		{7633152E-7A64-40C9-8A5B-DFCFB49A3A96}.Test|Any CPU.ActiveCfg = Release|Any CPU
		{7633152E-7A64-40C9-8A5B-DFCFB49A3A96}.Test|Any CPU.Build.0 = Release|Any CPU
		{7633152E-7A64-40C9-8A5B-DFCFB49A3A96}.Test|x86.ActiveCfg = Release|Any CPU
		{7633152E-7A64-40C9-8A5B-DFCFB49A3A96}.Test|x86.Build.0 = Release|Any CPU
		{E6BF1109-0A91-44C3-B292-1AC9825970F1}.Debug|Any CPU.ActiveCfg = Debug|Any CPU
		{E6BF1109-0A91-44C3-B292-1AC9825970F1}.Debug|Any CPU.Build.0 = Debug|Any CPU
		{E6BF1109-0A91-44C3-B292-1AC9825970F1}.Debug|x86.ActiveCfg = Debug|Any CPU
		{E6BF1109-0A91-44C3-B292-1AC9825970F1}.Debug|x86.Build.0 = Debug|Any CPU
		{E6BF1109-0A91-44C3-B292-1AC9825970F1}.Integrated|Any CPU.ActiveCfg = Integrated|Any CPU
		{E6BF1109-0A91-44C3-B292-1AC9825970F1}.Integrated|Any CPU.Build.0 = Integrated|Any CPU
		{E6BF1109-0A91-44C3-B292-1AC9825970F1}.Integrated|x86.ActiveCfg = Integrated|Any CPU
		{E6BF1109-0A91-44C3-B292-1AC9825970F1}.Integrated|x86.Build.0 = Integrated|Any CPU
		{E6BF1109-0A91-44C3-B292-1AC9825970F1}.Release|Any CPU.ActiveCfg = Release|Any CPU
		{E6BF1109-0A91-44C3-B292-1AC9825970F1}.Release|Any CPU.Build.0 = Release|Any CPU
		{E6BF1109-0A91-44C3-B292-1AC9825970F1}.Release|x86.ActiveCfg = Release|Any CPU
		{E6BF1109-0A91-44C3-B292-1AC9825970F1}.Release|x86.Build.0 = Release|Any CPU
		{E6BF1109-0A91-44C3-B292-1AC9825970F1}.Staging|Any CPU.ActiveCfg = Release|Any CPU
		{E6BF1109-0A91-44C3-B292-1AC9825970F1}.Staging|Any CPU.Build.0 = Release|Any CPU
		{E6BF1109-0A91-44C3-B292-1AC9825970F1}.Staging|x86.ActiveCfg = Release|Any CPU
		{E6BF1109-0A91-44C3-B292-1AC9825970F1}.Staging|x86.Build.0 = Release|Any CPU
		{E6BF1109-0A91-44C3-B292-1AC9825970F1}.Test|Any CPU.ActiveCfg = Release|Any CPU
		{E6BF1109-0A91-44C3-B292-1AC9825970F1}.Test|Any CPU.Build.0 = Release|Any CPU
		{E6BF1109-0A91-44C3-B292-1AC9825970F1}.Test|x86.ActiveCfg = Release|Any CPU
		{E6BF1109-0A91-44C3-B292-1AC9825970F1}.Test|x86.Build.0 = Release|Any CPU
		{608EBBCB-9778-4A4B-9E45-0E5621E1DDFC}.Debug|Any CPU.ActiveCfg = Debug|Any CPU
		{608EBBCB-9778-4A4B-9E45-0E5621E1DDFC}.Debug|Any CPU.Build.0 = Debug|Any CPU
		{608EBBCB-9778-4A4B-9E45-0E5621E1DDFC}.Debug|x86.ActiveCfg = Debug|Any CPU
		{608EBBCB-9778-4A4B-9E45-0E5621E1DDFC}.Debug|x86.Build.0 = Debug|Any CPU
		{608EBBCB-9778-4A4B-9E45-0E5621E1DDFC}.Integrated|Any CPU.ActiveCfg = Integrated|Any CPU
		{608EBBCB-9778-4A4B-9E45-0E5621E1DDFC}.Integrated|Any CPU.Build.0 = Integrated|Any CPU
		{608EBBCB-9778-4A4B-9E45-0E5621E1DDFC}.Integrated|x86.ActiveCfg = Integrated|Any CPU
		{608EBBCB-9778-4A4B-9E45-0E5621E1DDFC}.Integrated|x86.Build.0 = Integrated|Any CPU
		{608EBBCB-9778-4A4B-9E45-0E5621E1DDFC}.Release|Any CPU.ActiveCfg = Release|Any CPU
		{608EBBCB-9778-4A4B-9E45-0E5621E1DDFC}.Release|Any CPU.Build.0 = Release|Any CPU
		{608EBBCB-9778-4A4B-9E45-0E5621E1DDFC}.Release|x86.ActiveCfg = Release|Any CPU
		{608EBBCB-9778-4A4B-9E45-0E5621E1DDFC}.Release|x86.Build.0 = Release|Any CPU
		{608EBBCB-9778-4A4B-9E45-0E5621E1DDFC}.Staging|Any CPU.ActiveCfg = Release|Any CPU
		{608EBBCB-9778-4A4B-9E45-0E5621E1DDFC}.Staging|Any CPU.Build.0 = Release|Any CPU
		{608EBBCB-9778-4A4B-9E45-0E5621E1DDFC}.Staging|x86.ActiveCfg = Release|Any CPU
		{608EBBCB-9778-4A4B-9E45-0E5621E1DDFC}.Staging|x86.Build.0 = Release|Any CPU
		{608EBBCB-9778-4A4B-9E45-0E5621E1DDFC}.Test|Any CPU.ActiveCfg = Release|Any CPU
		{608EBBCB-9778-4A4B-9E45-0E5621E1DDFC}.Test|Any CPU.Build.0 = Release|Any CPU
		{608EBBCB-9778-4A4B-9E45-0E5621E1DDFC}.Test|x86.ActiveCfg = Release|Any CPU
		{608EBBCB-9778-4A4B-9E45-0E5621E1DDFC}.Test|x86.Build.0 = Release|Any CPU
		{6425E0EB-33AB-46FB-8163-E26F8BC31DEA}.Debug|Any CPU.ActiveCfg = Debug|Any CPU
		{6425E0EB-33AB-46FB-8163-E26F8BC31DEA}.Debug|Any CPU.Build.0 = Debug|Any CPU
		{6425E0EB-33AB-46FB-8163-E26F8BC31DEA}.Debug|x86.ActiveCfg = Debug|Any CPU
		{6425E0EB-33AB-46FB-8163-E26F8BC31DEA}.Debug|x86.Build.0 = Debug|Any CPU
		{6425E0EB-33AB-46FB-8163-E26F8BC31DEA}.Integrated|Any CPU.ActiveCfg = Integrated|Any CPU
		{6425E0EB-33AB-46FB-8163-E26F8BC31DEA}.Integrated|Any CPU.Build.0 = Integrated|Any CPU
		{6425E0EB-33AB-46FB-8163-E26F8BC31DEA}.Integrated|x86.ActiveCfg = Integrated|Any CPU
		{6425E0EB-33AB-46FB-8163-E26F8BC31DEA}.Integrated|x86.Build.0 = Integrated|Any CPU
		{6425E0EB-33AB-46FB-8163-E26F8BC31DEA}.Release|Any CPU.ActiveCfg = Release|Any CPU
		{6425E0EB-33AB-46FB-8163-E26F8BC31DEA}.Release|Any CPU.Build.0 = Release|Any CPU
		{6425E0EB-33AB-46FB-8163-E26F8BC31DEA}.Release|x86.ActiveCfg = Release|Any CPU
		{6425E0EB-33AB-46FB-8163-E26F8BC31DEA}.Release|x86.Build.0 = Release|Any CPU
		{6425E0EB-33AB-46FB-8163-E26F8BC31DEA}.Staging|Any CPU.ActiveCfg = Release|Any CPU
		{6425E0EB-33AB-46FB-8163-E26F8BC31DEA}.Staging|Any CPU.Build.0 = Release|Any CPU
		{6425E0EB-33AB-46FB-8163-E26F8BC31DEA}.Staging|x86.ActiveCfg = Release|Any CPU
		{6425E0EB-33AB-46FB-8163-E26F8BC31DEA}.Staging|x86.Build.0 = Release|Any CPU
		{6425E0EB-33AB-46FB-8163-E26F8BC31DEA}.Test|Any CPU.ActiveCfg = Release|Any CPU
		{6425E0EB-33AB-46FB-8163-E26F8BC31DEA}.Test|Any CPU.Build.0 = Release|Any CPU
		{6425E0EB-33AB-46FB-8163-E26F8BC31DEA}.Test|x86.ActiveCfg = Release|Any CPU
		{6425E0EB-33AB-46FB-8163-E26F8BC31DEA}.Test|x86.Build.0 = Release|Any CPU
		{26773248-0387-442E-A0A8-71A6F2DA3290}.Debug|Any CPU.ActiveCfg = Debug|Any CPU
		{26773248-0387-442E-A0A8-71A6F2DA3290}.Debug|Any CPU.Build.0 = Debug|Any CPU
		{26773248-0387-442E-A0A8-71A6F2DA3290}.Debug|x86.ActiveCfg = Debug|Any CPU
		{26773248-0387-442E-A0A8-71A6F2DA3290}.Debug|x86.Build.0 = Debug|Any CPU
		{26773248-0387-442E-A0A8-71A6F2DA3290}.Integrated|Any CPU.ActiveCfg = Integrated|Any CPU
		{26773248-0387-442E-A0A8-71A6F2DA3290}.Integrated|Any CPU.Build.0 = Integrated|Any CPU
		{26773248-0387-442E-A0A8-71A6F2DA3290}.Integrated|x86.ActiveCfg = Integrated|Any CPU
		{26773248-0387-442E-A0A8-71A6F2DA3290}.Integrated|x86.Build.0 = Integrated|Any CPU
		{26773248-0387-442E-A0A8-71A6F2DA3290}.Release|Any CPU.ActiveCfg = Release|Any CPU
		{26773248-0387-442E-A0A8-71A6F2DA3290}.Release|Any CPU.Build.0 = Release|Any CPU
		{26773248-0387-442E-A0A8-71A6F2DA3290}.Release|x86.ActiveCfg = Release|Any CPU
		{26773248-0387-442E-A0A8-71A6F2DA3290}.Release|x86.Build.0 = Release|Any CPU
		{26773248-0387-442E-A0A8-71A6F2DA3290}.Staging|Any CPU.ActiveCfg = Release|Any CPU
		{26773248-0387-442E-A0A8-71A6F2DA3290}.Staging|Any CPU.Build.0 = Release|Any CPU
		{26773248-0387-442E-A0A8-71A6F2DA3290}.Staging|x86.ActiveCfg = Release|Any CPU
		{26773248-0387-442E-A0A8-71A6F2DA3290}.Staging|x86.Build.0 = Release|Any CPU
		{26773248-0387-442E-A0A8-71A6F2DA3290}.Test|Any CPU.ActiveCfg = Release|Any CPU
		{26773248-0387-442E-A0A8-71A6F2DA3290}.Test|Any CPU.Build.0 = Release|Any CPU
		{26773248-0387-442E-A0A8-71A6F2DA3290}.Test|x86.ActiveCfg = Release|Any CPU
		{26773248-0387-442E-A0A8-71A6F2DA3290}.Test|x86.Build.0 = Release|Any CPU
		{84773FE4-C240-44A4-86C8-2632C17D3721}.Debug|Any CPU.ActiveCfg = Debug|Any CPU
		{84773FE4-C240-44A4-86C8-2632C17D3721}.Debug|Any CPU.Build.0 = Debug|Any CPU
		{84773FE4-C240-44A4-86C8-2632C17D3721}.Debug|x86.ActiveCfg = Debug|Any CPU
		{84773FE4-C240-44A4-86C8-2632C17D3721}.Debug|x86.Build.0 = Debug|Any CPU
		{84773FE4-C240-44A4-86C8-2632C17D3721}.Integrated|Any CPU.ActiveCfg = Integrated|Any CPU
		{84773FE4-C240-44A4-86C8-2632C17D3721}.Integrated|Any CPU.Build.0 = Integrated|Any CPU
		{84773FE4-C240-44A4-86C8-2632C17D3721}.Integrated|x86.ActiveCfg = Integrated|Any CPU
		{84773FE4-C240-44A4-86C8-2632C17D3721}.Integrated|x86.Build.0 = Integrated|Any CPU
		{84773FE4-C240-44A4-86C8-2632C17D3721}.Release|Any CPU.ActiveCfg = Release|Any CPU
		{84773FE4-C240-44A4-86C8-2632C17D3721}.Release|Any CPU.Build.0 = Release|Any CPU
		{84773FE4-C240-44A4-86C8-2632C17D3721}.Release|x86.ActiveCfg = Release|Any CPU
		{84773FE4-C240-44A4-86C8-2632C17D3721}.Release|x86.Build.0 = Release|Any CPU
		{84773FE4-C240-44A4-86C8-2632C17D3721}.Staging|Any CPU.ActiveCfg = Release|Any CPU
		{84773FE4-C240-44A4-86C8-2632C17D3721}.Staging|Any CPU.Build.0 = Release|Any CPU
		{84773FE4-C240-44A4-86C8-2632C17D3721}.Staging|x86.ActiveCfg = Release|Any CPU
		{84773FE4-C240-44A4-86C8-2632C17D3721}.Staging|x86.Build.0 = Release|Any CPU
		{84773FE4-C240-44A4-86C8-2632C17D3721}.Test|Any CPU.ActiveCfg = Release|Any CPU
		{84773FE4-C240-44A4-86C8-2632C17D3721}.Test|Any CPU.Build.0 = Release|Any CPU
		{84773FE4-C240-44A4-86C8-2632C17D3721}.Test|x86.ActiveCfg = Release|Any CPU
		{84773FE4-C240-44A4-86C8-2632C17D3721}.Test|x86.Build.0 = Release|Any CPU
		{F7934317-46CE-48C5-A562-1A08960856FC}.Debug|Any CPU.ActiveCfg = Debug|Any CPU
		{F7934317-46CE-48C5-A562-1A08960856FC}.Debug|Any CPU.Build.0 = Debug|Any CPU
		{F7934317-46CE-48C5-A562-1A08960856FC}.Debug|x86.ActiveCfg = Debug|Any CPU
		{F7934317-46CE-48C5-A562-1A08960856FC}.Debug|x86.Build.0 = Debug|Any CPU
		{F7934317-46CE-48C5-A562-1A08960856FC}.Integrated|Any CPU.ActiveCfg = Integrated|Any CPU
		{F7934317-46CE-48C5-A562-1A08960856FC}.Integrated|Any CPU.Build.0 = Integrated|Any CPU
		{F7934317-46CE-48C5-A562-1A08960856FC}.Integrated|x86.ActiveCfg = Integrated|Any CPU
		{F7934317-46CE-48C5-A562-1A08960856FC}.Integrated|x86.Build.0 = Integrated|Any CPU
		{F7934317-46CE-48C5-A562-1A08960856FC}.Release|Any CPU.ActiveCfg = Release|Any CPU
		{F7934317-46CE-48C5-A562-1A08960856FC}.Release|Any CPU.Build.0 = Release|Any CPU
		{F7934317-46CE-48C5-A562-1A08960856FC}.Release|x86.ActiveCfg = Release|Any CPU
		{F7934317-46CE-48C5-A562-1A08960856FC}.Release|x86.Build.0 = Release|Any CPU
		{F7934317-46CE-48C5-A562-1A08960856FC}.Staging|Any CPU.ActiveCfg = Release|Any CPU
		{F7934317-46CE-48C5-A562-1A08960856FC}.Staging|Any CPU.Build.0 = Release|Any CPU
		{F7934317-46CE-48C5-A562-1A08960856FC}.Staging|x86.ActiveCfg = Release|Any CPU
		{F7934317-46CE-48C5-A562-1A08960856FC}.Staging|x86.Build.0 = Release|Any CPU
		{F7934317-46CE-48C5-A562-1A08960856FC}.Test|Any CPU.ActiveCfg = Release|Any CPU
		{F7934317-46CE-48C5-A562-1A08960856FC}.Test|Any CPU.Build.0 = Release|Any CPU
		{F7934317-46CE-48C5-A562-1A08960856FC}.Test|x86.ActiveCfg = Release|Any CPU
		{F7934317-46CE-48C5-A562-1A08960856FC}.Test|x86.Build.0 = Release|Any CPU
		{CB8D5D85-1BDD-4499-A645-628F07DAD383}.Debug|Any CPU.ActiveCfg = Debug|Any CPU
		{CB8D5D85-1BDD-4499-A645-628F07DAD383}.Debug|Any CPU.Build.0 = Debug|Any CPU
		{CB8D5D85-1BDD-4499-A645-628F07DAD383}.Debug|x86.ActiveCfg = Debug|Any CPU
		{CB8D5D85-1BDD-4499-A645-628F07DAD383}.Debug|x86.Build.0 = Debug|Any CPU
		{CB8D5D85-1BDD-4499-A645-628F07DAD383}.Integrated|Any CPU.ActiveCfg = Integrated|Any CPU
		{CB8D5D85-1BDD-4499-A645-628F07DAD383}.Integrated|Any CPU.Build.0 = Integrated|Any CPU
		{CB8D5D85-1BDD-4499-A645-628F07DAD383}.Integrated|x86.ActiveCfg = Integrated|Any CPU
		{CB8D5D85-1BDD-4499-A645-628F07DAD383}.Integrated|x86.Build.0 = Integrated|Any CPU
		{CB8D5D85-1BDD-4499-A645-628F07DAD383}.Release|Any CPU.ActiveCfg = Release|Any CPU
		{CB8D5D85-1BDD-4499-A645-628F07DAD383}.Release|Any CPU.Build.0 = Release|Any CPU
		{CB8D5D85-1BDD-4499-A645-628F07DAD383}.Release|x86.ActiveCfg = Release|Any CPU
		{CB8D5D85-1BDD-4499-A645-628F07DAD383}.Release|x86.Build.0 = Release|Any CPU
		{CB8D5D85-1BDD-4499-A645-628F07DAD383}.Staging|Any CPU.ActiveCfg = Release|Any CPU
		{CB8D5D85-1BDD-4499-A645-628F07DAD383}.Staging|Any CPU.Build.0 = Release|Any CPU
		{CB8D5D85-1BDD-4499-A645-628F07DAD383}.Staging|x86.ActiveCfg = Release|Any CPU
		{CB8D5D85-1BDD-4499-A645-628F07DAD383}.Staging|x86.Build.0 = Release|Any CPU
		{CB8D5D85-1BDD-4499-A645-628F07DAD383}.Test|Any CPU.ActiveCfg = Release|Any CPU
		{CB8D5D85-1BDD-4499-A645-628F07DAD383}.Test|Any CPU.Build.0 = Release|Any CPU
		{CB8D5D85-1BDD-4499-A645-628F07DAD383}.Test|x86.ActiveCfg = Release|Any CPU
		{CB8D5D85-1BDD-4499-A645-628F07DAD383}.Test|x86.Build.0 = Release|Any CPU
		{6BDF7B0F-B740-418F-A7D6-E6313318DA05}.Debug|Any CPU.ActiveCfg = Debug|Any CPU
		{6BDF7B0F-B740-418F-A7D6-E6313318DA05}.Debug|Any CPU.Build.0 = Debug|Any CPU
		{6BDF7B0F-B740-418F-A7D6-E6313318DA05}.Debug|x86.ActiveCfg = Debug|Any CPU
		{6BDF7B0F-B740-418F-A7D6-E6313318DA05}.Debug|x86.Build.0 = Debug|Any CPU
		{6BDF7B0F-B740-418F-A7D6-E6313318DA05}.Integrated|Any CPU.ActiveCfg = Integrated|Any CPU
		{6BDF7B0F-B740-418F-A7D6-E6313318DA05}.Integrated|Any CPU.Build.0 = Integrated|Any CPU
		{6BDF7B0F-B740-418F-A7D6-E6313318DA05}.Integrated|x86.ActiveCfg = Integrated|Any CPU
		{6BDF7B0F-B740-418F-A7D6-E6313318DA05}.Integrated|x86.Build.0 = Integrated|Any CPU
		{6BDF7B0F-B740-418F-A7D6-E6313318DA05}.Release|Any CPU.ActiveCfg = Release|Any CPU
		{6BDF7B0F-B740-418F-A7D6-E6313318DA05}.Release|Any CPU.Build.0 = Release|Any CPU
		{6BDF7B0F-B740-418F-A7D6-E6313318DA05}.Release|x86.ActiveCfg = Release|Any CPU
		{6BDF7B0F-B740-418F-A7D6-E6313318DA05}.Release|x86.Build.0 = Release|Any CPU
		{6BDF7B0F-B740-418F-A7D6-E6313318DA05}.Staging|Any CPU.ActiveCfg = Release|Any CPU
		{6BDF7B0F-B740-418F-A7D6-E6313318DA05}.Staging|Any CPU.Build.0 = Release|Any CPU
		{6BDF7B0F-B740-418F-A7D6-E6313318DA05}.Staging|x86.ActiveCfg = Release|Any CPU
		{6BDF7B0F-B740-418F-A7D6-E6313318DA05}.Staging|x86.Build.0 = Release|Any CPU
		{6BDF7B0F-B740-418F-A7D6-E6313318DA05}.Test|Any CPU.ActiveCfg = Release|Any CPU
		{6BDF7B0F-B740-418F-A7D6-E6313318DA05}.Test|Any CPU.Build.0 = Release|Any CPU
		{6BDF7B0F-B740-418F-A7D6-E6313318DA05}.Test|x86.ActiveCfg = Release|Any CPU
		{6BDF7B0F-B740-418F-A7D6-E6313318DA05}.Test|x86.Build.0 = Release|Any CPU
		{0F7EF723-C976-4573-B918-A689DA1B2565}.Debug|Any CPU.ActiveCfg = Debug|Any CPU
		{0F7EF723-C976-4573-B918-A689DA1B2565}.Debug|Any CPU.Build.0 = Debug|Any CPU
		{0F7EF723-C976-4573-B918-A689DA1B2565}.Debug|x86.ActiveCfg = Debug|Any CPU
		{0F7EF723-C976-4573-B918-A689DA1B2565}.Debug|x86.Build.0 = Debug|Any CPU
		{0F7EF723-C976-4573-B918-A689DA1B2565}.Integrated|Any CPU.ActiveCfg = Integrated|Any CPU
		{0F7EF723-C976-4573-B918-A689DA1B2565}.Integrated|Any CPU.Build.0 = Integrated|Any CPU
		{0F7EF723-C976-4573-B918-A689DA1B2565}.Integrated|x86.ActiveCfg = Integrated|Any CPU
		{0F7EF723-C976-4573-B918-A689DA1B2565}.Integrated|x86.Build.0 = Integrated|Any CPU
		{0F7EF723-C976-4573-B918-A689DA1B2565}.Release|Any CPU.ActiveCfg = Release|Any CPU
		{0F7EF723-C976-4573-B918-A689DA1B2565}.Release|Any CPU.Build.0 = Release|Any CPU
		{0F7EF723-C976-4573-B918-A689DA1B2565}.Release|x86.ActiveCfg = Release|Any CPU
		{0F7EF723-C976-4573-B918-A689DA1B2565}.Release|x86.Build.0 = Release|Any CPU
		{0F7EF723-C976-4573-B918-A689DA1B2565}.Staging|Any CPU.ActiveCfg = Release|Any CPU
		{0F7EF723-C976-4573-B918-A689DA1B2565}.Staging|Any CPU.Build.0 = Release|Any CPU
		{0F7EF723-C976-4573-B918-A689DA1B2565}.Staging|x86.ActiveCfg = Release|Any CPU
		{0F7EF723-C976-4573-B918-A689DA1B2565}.Staging|x86.Build.0 = Release|Any CPU
		{0F7EF723-C976-4573-B918-A689DA1B2565}.Test|Any CPU.ActiveCfg = Release|Any CPU
		{0F7EF723-C976-4573-B918-A689DA1B2565}.Test|Any CPU.Build.0 = Release|Any CPU
		{0F7EF723-C976-4573-B918-A689DA1B2565}.Test|x86.ActiveCfg = Release|Any CPU
		{0F7EF723-C976-4573-B918-A689DA1B2565}.Test|x86.Build.0 = Release|Any CPU
		{59300B04-5155-40F2-A710-28D4EF8D1D92}.Debug|Any CPU.ActiveCfg = Debug|Any CPU
		{59300B04-5155-40F2-A710-28D4EF8D1D92}.Debug|Any CPU.Build.0 = Debug|Any CPU
		{59300B04-5155-40F2-A710-28D4EF8D1D92}.Debug|x86.ActiveCfg = Debug|Any CPU
		{59300B04-5155-40F2-A710-28D4EF8D1D92}.Debug|x86.Build.0 = Debug|Any CPU
		{59300B04-5155-40F2-A710-28D4EF8D1D92}.Integrated|Any CPU.ActiveCfg = Integrated|Any CPU
		{59300B04-5155-40F2-A710-28D4EF8D1D92}.Integrated|Any CPU.Build.0 = Integrated|Any CPU
		{59300B04-5155-40F2-A710-28D4EF8D1D92}.Integrated|x86.ActiveCfg = Integrated|Any CPU
		{59300B04-5155-40F2-A710-28D4EF8D1D92}.Integrated|x86.Build.0 = Integrated|Any CPU
		{59300B04-5155-40F2-A710-28D4EF8D1D92}.Release|Any CPU.ActiveCfg = Release|Any CPU
		{59300B04-5155-40F2-A710-28D4EF8D1D92}.Release|Any CPU.Build.0 = Release|Any CPU
		{59300B04-5155-40F2-A710-28D4EF8D1D92}.Release|x86.ActiveCfg = Release|Any CPU
		{59300B04-5155-40F2-A710-28D4EF8D1D92}.Release|x86.Build.0 = Release|Any CPU
		{59300B04-5155-40F2-A710-28D4EF8D1D92}.Staging|Any CPU.ActiveCfg = Release|Any CPU
		{59300B04-5155-40F2-A710-28D4EF8D1D92}.Staging|Any CPU.Build.0 = Release|Any CPU
		{59300B04-5155-40F2-A710-28D4EF8D1D92}.Staging|x86.ActiveCfg = Release|Any CPU
		{59300B04-5155-40F2-A710-28D4EF8D1D92}.Staging|x86.Build.0 = Release|Any CPU
		{59300B04-5155-40F2-A710-28D4EF8D1D92}.Test|Any CPU.ActiveCfg = Release|Any CPU
		{59300B04-5155-40F2-A710-28D4EF8D1D92}.Test|Any CPU.Build.0 = Release|Any CPU
		{59300B04-5155-40F2-A710-28D4EF8D1D92}.Test|x86.ActiveCfg = Release|Any CPU
		{59300B04-5155-40F2-A710-28D4EF8D1D92}.Test|x86.Build.0 = Release|Any CPU
		{6FBB3E99-347C-4856-9B48-832498FE6036}.Debug|Any CPU.ActiveCfg = Debug|Any CPU
		{6FBB3E99-347C-4856-9B48-832498FE6036}.Debug|Any CPU.Build.0 = Debug|Any CPU
		{6FBB3E99-347C-4856-9B48-832498FE6036}.Debug|x86.ActiveCfg = Debug|Any CPU
		{6FBB3E99-347C-4856-9B48-832498FE6036}.Debug|x86.Build.0 = Debug|Any CPU
		{6FBB3E99-347C-4856-9B48-832498FE6036}.Integrated|Any CPU.ActiveCfg = Integrated|Any CPU
		{6FBB3E99-347C-4856-9B48-832498FE6036}.Integrated|Any CPU.Build.0 = Integrated|Any CPU
		{6FBB3E99-347C-4856-9B48-832498FE6036}.Integrated|x86.ActiveCfg = Integrated|Any CPU
		{6FBB3E99-347C-4856-9B48-832498FE6036}.Integrated|x86.Build.0 = Integrated|Any CPU
		{6FBB3E99-347C-4856-9B48-832498FE6036}.Release|Any CPU.ActiveCfg = Release|Any CPU
		{6FBB3E99-347C-4856-9B48-832498FE6036}.Release|Any CPU.Build.0 = Release|Any CPU
		{6FBB3E99-347C-4856-9B48-832498FE6036}.Release|x86.ActiveCfg = Release|Any CPU
		{6FBB3E99-347C-4856-9B48-832498FE6036}.Release|x86.Build.0 = Release|Any CPU
		{6FBB3E99-347C-4856-9B48-832498FE6036}.Staging|Any CPU.ActiveCfg = Release|Any CPU
		{6FBB3E99-347C-4856-9B48-832498FE6036}.Staging|Any CPU.Build.0 = Release|Any CPU
		{6FBB3E99-347C-4856-9B48-832498FE6036}.Staging|x86.ActiveCfg = Release|Any CPU
		{6FBB3E99-347C-4856-9B48-832498FE6036}.Staging|x86.Build.0 = Release|Any CPU
		{6FBB3E99-347C-4856-9B48-832498FE6036}.Test|Any CPU.ActiveCfg = Release|Any CPU
		{6FBB3E99-347C-4856-9B48-832498FE6036}.Test|Any CPU.Build.0 = Release|Any CPU
		{6FBB3E99-347C-4856-9B48-832498FE6036}.Test|x86.ActiveCfg = Release|Any CPU
		{6FBB3E99-347C-4856-9B48-832498FE6036}.Test|x86.Build.0 = Release|Any CPU
		{D06771A6-1DD6-4BFE-BB7D-27464990E646}.Debug|Any CPU.ActiveCfg = Debug|Any CPU
		{D06771A6-1DD6-4BFE-BB7D-27464990E646}.Debug|Any CPU.Build.0 = Debug|Any CPU
		{D06771A6-1DD6-4BFE-BB7D-27464990E646}.Debug|x86.ActiveCfg = Debug|Any CPU
		{D06771A6-1DD6-4BFE-BB7D-27464990E646}.Debug|x86.Build.0 = Debug|Any CPU
		{D06771A6-1DD6-4BFE-BB7D-27464990E646}.Integrated|Any CPU.ActiveCfg = Integrated|Any CPU
		{D06771A6-1DD6-4BFE-BB7D-27464990E646}.Integrated|Any CPU.Build.0 = Integrated|Any CPU
		{D06771A6-1DD6-4BFE-BB7D-27464990E646}.Integrated|x86.ActiveCfg = Integrated|Any CPU
		{D06771A6-1DD6-4BFE-BB7D-27464990E646}.Integrated|x86.Build.0 = Integrated|Any CPU
		{D06771A6-1DD6-4BFE-BB7D-27464990E646}.Release|Any CPU.ActiveCfg = Release|Any CPU
		{D06771A6-1DD6-4BFE-BB7D-27464990E646}.Release|Any CPU.Build.0 = Release|Any CPU
		{D06771A6-1DD6-4BFE-BB7D-27464990E646}.Release|x86.ActiveCfg = Release|Any CPU
		{D06771A6-1DD6-4BFE-BB7D-27464990E646}.Release|x86.Build.0 = Release|Any CPU
		{D06771A6-1DD6-4BFE-BB7D-27464990E646}.Staging|Any CPU.ActiveCfg = Integrated|Any CPU
		{D06771A6-1DD6-4BFE-BB7D-27464990E646}.Staging|Any CPU.Build.0 = Integrated|Any CPU
		{D06771A6-1DD6-4BFE-BB7D-27464990E646}.Staging|x86.ActiveCfg = Integrated|Any CPU
		{D06771A6-1DD6-4BFE-BB7D-27464990E646}.Staging|x86.Build.0 = Integrated|Any CPU
		{D06771A6-1DD6-4BFE-BB7D-27464990E646}.Test|Any CPU.ActiveCfg = Integrated|Any CPU
		{D06771A6-1DD6-4BFE-BB7D-27464990E646}.Test|Any CPU.Build.0 = Integrated|Any CPU
		{D06771A6-1DD6-4BFE-BB7D-27464990E646}.Test|x86.ActiveCfg = Integrated|Any CPU
		{D06771A6-1DD6-4BFE-BB7D-27464990E646}.Test|x86.Build.0 = Integrated|Any CPU
		{1B795F62-78BC-4F9C-8427-C1548327E65F}.Debug|Any CPU.ActiveCfg = Debug|Any CPU
		{1B795F62-78BC-4F9C-8427-C1548327E65F}.Debug|Any CPU.Build.0 = Debug|Any CPU
		{1B795F62-78BC-4F9C-8427-C1548327E65F}.Debug|x86.ActiveCfg = Debug|Any CPU
		{1B795F62-78BC-4F9C-8427-C1548327E65F}.Debug|x86.Build.0 = Debug|Any CPU
		{1B795F62-78BC-4F9C-8427-C1548327E65F}.Integrated|Any CPU.ActiveCfg = Integrated|Any CPU
		{1B795F62-78BC-4F9C-8427-C1548327E65F}.Integrated|Any CPU.Build.0 = Integrated|Any CPU
		{1B795F62-78BC-4F9C-8427-C1548327E65F}.Integrated|x86.ActiveCfg = Integrated|Any CPU
		{1B795F62-78BC-4F9C-8427-C1548327E65F}.Integrated|x86.Build.0 = Integrated|Any CPU
		{1B795F62-78BC-4F9C-8427-C1548327E65F}.Release|Any CPU.ActiveCfg = Release|Any CPU
		{1B795F62-78BC-4F9C-8427-C1548327E65F}.Release|Any CPU.Build.0 = Release|Any CPU
		{1B795F62-78BC-4F9C-8427-C1548327E65F}.Release|x86.ActiveCfg = Release|Any CPU
		{1B795F62-78BC-4F9C-8427-C1548327E65F}.Release|x86.Build.0 = Release|Any CPU
		{1B795F62-78BC-4F9C-8427-C1548327E65F}.Staging|Any CPU.ActiveCfg = Integrated|Any CPU
		{1B795F62-78BC-4F9C-8427-C1548327E65F}.Staging|Any CPU.Build.0 = Integrated|Any CPU
		{1B795F62-78BC-4F9C-8427-C1548327E65F}.Staging|x86.ActiveCfg = Integrated|Any CPU
		{1B795F62-78BC-4F9C-8427-C1548327E65F}.Staging|x86.Build.0 = Integrated|Any CPU
		{1B795F62-78BC-4F9C-8427-C1548327E65F}.Test|Any CPU.ActiveCfg = Integrated|Any CPU
		{1B795F62-78BC-4F9C-8427-C1548327E65F}.Test|Any CPU.Build.0 = Integrated|Any CPU
		{1B795F62-78BC-4F9C-8427-C1548327E65F}.Test|x86.ActiveCfg = Integrated|Any CPU
		{1B795F62-78BC-4F9C-8427-C1548327E65F}.Test|x86.Build.0 = Integrated|Any CPU
		{1E5310ED-512D-49B2-94D5-F2C4A527306C}.Debug|Any CPU.ActiveCfg = Debug|Any CPU
		{1E5310ED-512D-49B2-94D5-F2C4A527306C}.Debug|Any CPU.Build.0 = Debug|Any CPU
		{1E5310ED-512D-49B2-94D5-F2C4A527306C}.Debug|x86.ActiveCfg = Debug|Any CPU
		{1E5310ED-512D-49B2-94D5-F2C4A527306C}.Debug|x86.Build.0 = Debug|Any CPU
		{1E5310ED-512D-49B2-94D5-F2C4A527306C}.Integrated|Any CPU.ActiveCfg = Release|Any CPU
		{1E5310ED-512D-49B2-94D5-F2C4A527306C}.Integrated|Any CPU.Build.0 = Release|Any CPU
		{1E5310ED-512D-49B2-94D5-F2C4A527306C}.Integrated|x86.ActiveCfg = Release|Any CPU
		{1E5310ED-512D-49B2-94D5-F2C4A527306C}.Integrated|x86.Build.0 = Release|Any CPU
		{1E5310ED-512D-49B2-94D5-F2C4A527306C}.Release|Any CPU.ActiveCfg = Release|Any CPU
		{1E5310ED-512D-49B2-94D5-F2C4A527306C}.Release|Any CPU.Build.0 = Release|Any CPU
		{1E5310ED-512D-49B2-94D5-F2C4A527306C}.Release|x86.ActiveCfg = Release|Any CPU
		{1E5310ED-512D-49B2-94D5-F2C4A527306C}.Release|x86.Build.0 = Release|Any CPU
		{1E5310ED-512D-49B2-94D5-F2C4A527306C}.Staging|Any CPU.ActiveCfg = Release|Any CPU
		{1E5310ED-512D-49B2-94D5-F2C4A527306C}.Staging|Any CPU.Build.0 = Release|Any CPU
		{1E5310ED-512D-49B2-94D5-F2C4A527306C}.Staging|x86.ActiveCfg = Release|Any CPU
		{1E5310ED-512D-49B2-94D5-F2C4A527306C}.Staging|x86.Build.0 = Release|Any CPU
		{1E5310ED-512D-49B2-94D5-F2C4A527306C}.Test|Any CPU.ActiveCfg = Release|Any CPU
		{1E5310ED-512D-49B2-94D5-F2C4A527306C}.Test|Any CPU.Build.0 = Release|Any CPU
		{1E5310ED-512D-49B2-94D5-F2C4A527306C}.Test|x86.ActiveCfg = Release|Any CPU
		{1E5310ED-512D-49B2-94D5-F2C4A527306C}.Test|x86.Build.0 = Release|Any CPU
	EndGlobalSection
	GlobalSection(SolutionProperties) = preSolution
		HideSolutionNode = FALSE
	EndGlobalSection
	GlobalSection(NestedProjects) = preSolution
		{C42BE7E0-AA4E-4858-A6D8-C64294E71506} = {44CFB837-3EFB-42BD-9A9B-A38C47254029}
		{A288593C-C80B-44FB-9F4F-D1C5EACDD8F3} = {44CFB837-3EFB-42BD-9A9B-A38C47254029}
		{62A0965A-2581-47F3-BA0E-84056E0F526B} = {6D462DFC-70DA-4F1A-BC71-65DFC78F6645}
		{AF87CD00-4F77-4596-BFAC-DE08489C38B9} = {233625B1-75CD-491B-9282-478E2CB21D83}
		{B9327F76-7F71-474C-8998-DB60CD35B7EB} = {233625B1-75CD-491B-9282-478E2CB21D83}
		{746358F1-DB13-4C6A-B84C-A7CD3E67D97B} = {233625B1-75CD-491B-9282-478E2CB21D83}
		{66BC1A04-B1F5-4B3C-ACE2-0BA83BFF8A39} = {B4C5AB3B-8C4B-44DA-8E6C-48B219CC7D0B}
		{1D8FFCC7-6E6C-4DF3-A79D-8565D72BEFD4} = {B4C5AB3B-8C4B-44DA-8E6C-48B219CC7D0B}
		{144BAD47-0E51-4FC6-98C9-977A0A48CF59} = {B4C5AB3B-8C4B-44DA-8E6C-48B219CC7D0B}
		{275D510D-EA34-4A02-93FE-19DB63994DCC} = {233625B1-75CD-491B-9282-478E2CB21D83}
		{63C13B8C-B472-4E73-AB3F-9D7FF33E9085} = {233625B1-75CD-491B-9282-478E2CB21D83}
		{F55FBBD3-E1BE-441D-9147-3A712F3E4562} = {B4C5AB3B-8C4B-44DA-8E6C-48B219CC7D0B}
		{775DF2BD-FB37-4F33-A8ED-DEEEA5B3B16B} = {53ACEAA0-ECC0-4215-9FCE-1231E0C0A669}
		{2C26BD69-092E-4005-BAE2-6C554D236E57} = {A288593C-C80B-44FB-9F4F-D1C5EACDD8F3}
		{BE7FAF9B-E33B-41E3-AB24-B6B9934F2CF1} = {53ACEAA0-ECC0-4215-9FCE-1231E0C0A669}
		{21A41496-DF2D-4054-8C10-ADF30DCB2C77} = {53ACEAA0-ECC0-4215-9FCE-1231E0C0A669}
		{875FBA84-092A-427A-BF79-78243F3B081E} = {53ACEAA0-ECC0-4215-9FCE-1231E0C0A669}
		{2FED0CAB-E792-48F0-B558-CD7437C8236D} = {4852895F-1D82-4968-A618-BBFBEB704137}
		{0304DA15-717D-46FF-B13E-6FE66F086119} = {53ACEAA0-ECC0-4215-9FCE-1231E0C0A669}
		{1A5AE0B9-4C8D-4CA7-B8B5-D22B87C45A53} = {53ACEAA0-ECC0-4215-9FCE-1231E0C0A669}
		{3E2E98E9-A179-468B-938F-24178AC5D729} = {CA7D89DF-F7BD-482A-8FAD-D78468D438EB}
		{29056786-1AF8-467B-B912-E79DA3B46F72} = {53ACEAA0-ECC0-4215-9FCE-1231E0C0A669}
		{1F8D4A8E-C1A5-482A-8C6B-D3654D5033B4} = {AF87CD00-4F77-4596-BFAC-DE08489C38B9}
		{7D455495-56D2-4736-8ED8-C3567D6E6222} = {63C13B8C-B472-4E73-AB3F-9D7FF33E9085}
		{B024B180-B917-4AED-B2AF-5A611F9E33E3} = {B9327F76-7F71-474C-8998-DB60CD35B7EB}
		{7908C915-B775-4CEE-A5B7-1A7BDA0BBCA4} = {A288593C-C80B-44FB-9F4F-D1C5EACDD8F3}
		{687BA19A-D79A-44AA-B69A-E08DD3C975C3} = {A288593C-C80B-44FB-9F4F-D1C5EACDD8F3}
		{386C0A87-21DC-40A0-9832-7C21216D098A} = {746358F1-DB13-4C6A-B84C-A7CD3E67D97B}
		{F1CAC744-5DF4-4E0A-954A-5FF47CFFB9E7} = {62A0965A-2581-47F3-BA0E-84056E0F526B}
		{7633152E-7A64-40C9-8A5B-DFCFB49A3A96} = {C42BE7E0-AA4E-4858-A6D8-C64294E71506}
		{E6BF1109-0A91-44C3-B292-1AC9825970F1} = {66BC1A04-B1F5-4B3C-ACE2-0BA83BFF8A39}
		{608EBBCB-9778-4A4B-9E45-0E5621E1DDFC} = {1D8FFCC7-6E6C-4DF3-A79D-8565D72BEFD4}
		{6425E0EB-33AB-46FB-8163-E26F8BC31DEA} = {A288593C-C80B-44FB-9F4F-D1C5EACDD8F3}
		{26773248-0387-442E-A0A8-71A6F2DA3290} = {144BAD47-0E51-4FC6-98C9-977A0A48CF59}
		{84773FE4-C240-44A4-86C8-2632C17D3721} = {C42BE7E0-AA4E-4858-A6D8-C64294E71506}
		{F7934317-46CE-48C5-A562-1A08960856FC} = {CA7D89DF-F7BD-482A-8FAD-D78468D438EB}
		{CB8D5D85-1BDD-4499-A645-628F07DAD383} = {CA7D89DF-F7BD-482A-8FAD-D78468D438EB}
		{6BDF7B0F-B740-418F-A7D6-E6313318DA05} = {53ACEAA0-ECC0-4215-9FCE-1231E0C0A669}
		{0F7EF723-C976-4573-B918-A689DA1B2565} = {275D510D-EA34-4A02-93FE-19DB63994DCC}
		{59300B04-5155-40F2-A710-28D4EF8D1D92} = {53ACEAA0-ECC0-4215-9FCE-1231E0C0A669}
		{6FBB3E99-347C-4856-9B48-832498FE6036} = {F55FBBD3-E1BE-441D-9147-3A712F3E4562}
		{D06771A6-1DD6-4BFE-BB7D-27464990E646} = {4852895F-1D82-4968-A618-BBFBEB704137}
		{1B795F62-78BC-4F9C-8427-C1548327E65F} = {53ACEAA0-ECC0-4215-9FCE-1231E0C0A669}
		{1E5310ED-512D-49B2-94D5-F2C4A527306C} = {F55FBBD3-E1BE-441D-9147-3A712F3E4562}
	EndGlobalSection
	GlobalSection(ExtensibilityGlobals) = postSolution
		SolutionGuid = {2B2E82C5-1CDF-4EEA-997F-27F9ACA99EC8}
	EndGlobalSection
EndGlobal
